// !$*UTF8*$!
{
	archiveVersion = 1;
	classes = {
	};
	objectVersion = 46;
	objects = {

/* Begin PBXBuildFile section */
		590D064818FC37F900A6C101 /* MGTwitterEngine.m in Sources */ = {isa = PBXBuildFile; fileRef = 590D060018FC37F900A6C101 /* MGTwitterEngine.m */; settings = {COMPILER_FLAGS = "-fno-objc-arc"; }; };
		590D064918FC37F900A6C101 /* MGTwitterHTTPURLConnection.m in Sources */ = {isa = PBXBuildFile; fileRef = 590D060418FC37F900A6C101 /* MGTwitterHTTPURLConnection.m */; settings = {COMPILER_FLAGS = "-fno-objc-arc"; }; };
		590D064A18FC37F900A6C101 /* MGTwitterLibXMLParser.m in Sources */ = {isa = PBXBuildFile; fileRef = 590D060618FC37F900A6C101 /* MGTwitterLibXMLParser.m */; settings = {COMPILER_FLAGS = "-fno-objc-arc"; }; };
		590D064B18FC37F900A6C101 /* MGTwitterMessagesLibXMLParser.m in Sources */ = {isa = PBXBuildFile; fileRef = 590D060818FC37F900A6C101 /* MGTwitterMessagesLibXMLParser.m */; };
		590D064C18FC37F900A6C101 /* MGTwitterMessagesParser.m in Sources */ = {isa = PBXBuildFile; fileRef = 590D060A18FC37F900A6C101 /* MGTwitterMessagesParser.m */; };
		590D064D18FC37F900A6C101 /* MGTwitterMessagesYAJLParser.m in Sources */ = {isa = PBXBuildFile; fileRef = 590D060C18FC37F900A6C101 /* MGTwitterMessagesYAJLParser.m */; settings = {COMPILER_FLAGS = "-fno-objc-arc"; }; };
		590D064E18FC37F900A6C101 /* MGTwitterMiscLibXMLParser.m in Sources */ = {isa = PBXBuildFile; fileRef = 590D060E18FC37F900A6C101 /* MGTwitterMiscLibXMLParser.m */; };
		590D064F18FC37F900A6C101 /* MGTwitterMiscParser.m in Sources */ = {isa = PBXBuildFile; fileRef = 590D061018FC37F900A6C101 /* MGTwitterMiscParser.m */; };
		590D065018FC37F900A6C101 /* MGTwitterMiscYAJLParser.m in Sources */ = {isa = PBXBuildFile; fileRef = 590D061218FC37F900A6C101 /* MGTwitterMiscYAJLParser.m */; settings = {COMPILER_FLAGS = "-fno-objc-arc"; }; };
		590D065118FC37F900A6C101 /* MGTwitterSearchYAJLParser.m in Sources */ = {isa = PBXBuildFile; fileRef = 590D061618FC37F900A6C101 /* MGTwitterSearchYAJLParser.m */; settings = {COMPILER_FLAGS = "-fno-objc-arc"; }; };
		590D065218FC37F900A6C101 /* MGTwitterStatusesLibXMLParser.m in Sources */ = {isa = PBXBuildFile; fileRef = 590D061818FC37F900A6C101 /* MGTwitterStatusesLibXMLParser.m */; };
		590D065318FC37F900A6C101 /* MGTwitterStatusesParser.m in Sources */ = {isa = PBXBuildFile; fileRef = 590D061A18FC37F900A6C101 /* MGTwitterStatusesParser.m */; };
		590D065418FC37F900A6C101 /* MGTwitterStatusesYAJLParser.m in Sources */ = {isa = PBXBuildFile; fileRef = 590D061C18FC37F900A6C101 /* MGTwitterStatusesYAJLParser.m */; settings = {COMPILER_FLAGS = "-fno-objc-arc"; }; };
		590D065518FC37F900A6C101 /* MGTwitterUsersLibXMLParser.m in Sources */ = {isa = PBXBuildFile; fileRef = 590D061E18FC37F900A6C101 /* MGTwitterUsersLibXMLParser.m */; };
		590D065618FC37F900A6C101 /* MGTwitterUsersParser.m in Sources */ = {isa = PBXBuildFile; fileRef = 590D062018FC37F900A6C101 /* MGTwitterUsersParser.m */; };
		590D065718FC37F900A6C101 /* MGTwitterUsersYAJLParser.m in Sources */ = {isa = PBXBuildFile; fileRef = 590D062218FC37F900A6C101 /* MGTwitterUsersYAJLParser.m */; settings = {COMPILER_FLAGS = "-fno-objc-arc"; }; };
		590D065818FC37F900A6C101 /* MGTwitterXMLParser.m in Sources */ = {isa = PBXBuildFile; fileRef = 590D062418FC37F900A6C101 /* MGTwitterXMLParser.m */; settings = {COMPILER_FLAGS = "-fno-objc-arc"; }; };
		590D065918FC37F900A6C101 /* MGTwitterYAJLParser.m in Sources */ = {isa = PBXBuildFile; fileRef = 590D062618FC37F900A6C101 /* MGTwitterYAJLParser.m */; settings = {COMPILER_FLAGS = "-fno-objc-arc"; }; };
		590D065A18FC37F900A6C101 /* NSData+Base64.m in Sources */ = {isa = PBXBuildFile; fileRef = 590D062818FC37F900A6C101 /* NSData+Base64.m */; settings = {COMPILER_FLAGS = "-fno-objc-arc"; }; };
		590D065B18FC37F900A6C101 /* NSString+UUID.m in Sources */ = {isa = PBXBuildFile; fileRef = 590D062A18FC37F900A6C101 /* NSString+UUID.m */; settings = {COMPILER_FLAGS = "-fno-objc-arc"; }; };
		590D065C18FC37F900A6C101 /* libOAuth.a in Frameworks */ = {isa = PBXBuildFile; fileRef = 590D062C18FC37F900A6C101 /* libOAuth.a */; };
		590D065D18FC37F900A6C101 /* SA_OAuthTwitterController.m in Sources */ = {isa = PBXBuildFile; fileRef = 590D063F18FC37F900A6C101 /* SA_OAuthTwitterController.m */; settings = {COMPILER_FLAGS = "-fno-objc-arc"; }; };
		590D065E18FC37F900A6C101 /* SA_OAuthTwitterEngine.m in Sources */ = {isa = PBXBuildFile; fileRef = 590D064118FC37F900A6C101 /* SA_OAuthTwitterEngine.m */; settings = {COMPILER_FLAGS = "-fno-objc-arc"; }; };
		590D065F18FC37F900A6C101 /* libYAJLiOSDevice.a in Frameworks */ = {isa = PBXBuildFile; fileRef = 590D064318FC37F900A6C101 /* libYAJLiOSDevice.a */; };
		590D066018FC37F900A6C101 /* libYAJLiOSSimulator.a in Frameworks */ = {isa = PBXBuildFile; fileRef = 590D064418FC37F900A6C101 /* libYAJLiOSSimulator.a */; };
		590D066418FC404F00A6C101 /* NADataFetcher.m in Sources */ = {isa = PBXBuildFile; fileRef = 590D066318FC404F00A6C101 /* NADataFetcher.m */; };
		590D066818FC458400A6C101 /* NAFacebookDataFetcher.m in Sources */ = {isa = PBXBuildFile; fileRef = 590D066718FC458400A6C101 /* NAFacebookDataFetcher.m */; };
		590D066B18FC459F00A6C101 /* NATwitterDataFetcher.m in Sources */ = {isa = PBXBuildFile; fileRef = 590D066A18FC459F00A6C101 /* NATwitterDataFetcher.m */; };
		590D066E18FC45C900A6C101 /* NAGooglePlusDataFetcher.m in Sources */ = {isa = PBXBuildFile; fileRef = 590D066D18FC45C900A6C101 /* NAGooglePlusDataFetcher.m */; };
		590D067218FC474000A6C101 /* NAFeedTableViewController.m in Sources */ = {isa = PBXBuildFile; fileRef = 590D067118FC474000A6C101 /* NAFeedTableViewController.m */; };
		590D067618FC4BDA00A6C101 /* NAFeedItem.m in Sources */ = {isa = PBXBuildFile; fileRef = 590D067518FC4BDA00A6C101 /* NAFeedItem.m */; };
		590F530718FC188B0099E989 /* FacebookSDK.framework in Frameworks */ = {isa = PBXBuildFile; fileRef = 590F530618FC188B0099E989 /* FacebookSDK.framework */; };
		590F539E18FC1F230099E989 /* Changelog in Resources */ = {isa = PBXBuildFile; fileRef = 590F532518FC1F230099E989 /* Changelog */; };
		590F539F18FC1F230099E989 /* GoogleOpenSource.framework in Frameworks */ = {isa = PBXBuildFile; fileRef = 590F532618FC1F230099E989 /* GoogleOpenSource.framework */; };
		590F53A018FC1F230099E989 /* GooglePlus.bundle in Resources */ = {isa = PBXBuildFile; fileRef = 590F532718FC1F230099E989 /* GooglePlus.bundle */; };
		590F53A118FC1F230099E989 /* GooglePlus.framework in Frameworks */ = {isa = PBXBuildFile; fileRef = 590F532818FC1F230099E989 /* GooglePlus.framework */; };
		590F53A218FC1F230099E989 /* GTLBase64.m in Sources */ = {isa = PBXBuildFile; fileRef = 590F532D18FC1F230099E989 /* GTLBase64.m */; settings = {COMPILER_FLAGS = "-fno-objc-arc"; }; };
		590F53A318FC1F230099E989 /* GTLBatchQuery.m in Sources */ = {isa = PBXBuildFile; fileRef = 590F532F18FC1F230099E989 /* GTLBatchQuery.m */; settings = {COMPILER_FLAGS = "-fno-objc-arc"; }; };
		590F53A418FC1F230099E989 /* GTLBatchResult.m in Sources */ = {isa = PBXBuildFile; fileRef = 590F533118FC1F230099E989 /* GTLBatchResult.m */; settings = {COMPILER_FLAGS = "-fno-objc-arc"; }; };
		590F53A518FC1F230099E989 /* GTLDateTime.m in Sources */ = {isa = PBXBuildFile; fileRef = 590F533318FC1F230099E989 /* GTLDateTime.m */; settings = {COMPILER_FLAGS = "-fno-objc-arc"; }; };
		590F53A618FC1F230099E989 /* GTLErrorObject.m in Sources */ = {isa = PBXBuildFile; fileRef = 590F533618FC1F230099E989 /* GTLErrorObject.m */; };
		590F53A718FC1F230099E989 /* GTLFramework.m in Sources */ = {isa = PBXBuildFile; fileRef = 590F533818FC1F230099E989 /* GTLFramework.m */; settings = {COMPILER_FLAGS = "-fno-objc-arc"; }; };
		590F53A818FC1F230099E989 /* GTLJSONParser.m in Sources */ = {isa = PBXBuildFile; fileRef = 590F533A18FC1F230099E989 /* GTLJSONParser.m */; settings = {COMPILER_FLAGS = "-fno-objc-arc"; }; };
		590F53A918FC1F230099E989 /* GTLObject.m in Sources */ = {isa = PBXBuildFile; fileRef = 590F533C18FC1F230099E989 /* GTLObject.m */; settings = {COMPILER_FLAGS = "-fno-objc-arc"; }; };
		590F53AA18FC1F230099E989 /* GTLPlusAcl.m in Sources */ = {isa = PBXBuildFile; fileRef = 590F534018FC1F230099E989 /* GTLPlusAcl.m */; };
		590F53AB18FC1F230099E989 /* GTLPlusAclentryResource.m in Sources */ = {isa = PBXBuildFile; fileRef = 590F534218FC1F230099E989 /* GTLPlusAclentryResource.m */; };
		590F53AC18FC1F230099E989 /* GTLPlusActivity.m in Sources */ = {isa = PBXBuildFile; fileRef = 590F534418FC1F230099E989 /* GTLPlusActivity.m */; };
		590F53AD18FC1F230099E989 /* GTLPlusActivityFeed.m in Sources */ = {isa = PBXBuildFile; fileRef = 590F534618FC1F230099E989 /* GTLPlusActivityFeed.m */; };
		590F53AE18FC1F230099E989 /* GTLPlusComment.m in Sources */ = {isa = PBXBuildFile; fileRef = 590F534818FC1F230099E989 /* GTLPlusComment.m */; settings = {COMPILER_FLAGS = "-fno-objc-arc"; }; };
		590F53AF18FC1F230099E989 /* GTLPlusCommentFeed.m in Sources */ = {isa = PBXBuildFile; fileRef = 590F534A18FC1F230099E989 /* GTLPlusCommentFeed.m */; };
		590F53B018FC1F230099E989 /* GTLPlusConstants.m in Sources */ = {isa = PBXBuildFile; fileRef = 590F534C18FC1F230099E989 /* GTLPlusConstants.m */; };
		590F53B118FC1F230099E989 /* GTLPlusItemScope.m in Sources */ = {isa = PBXBuildFile; fileRef = 590F534E18FC1F230099E989 /* GTLPlusItemScope.m */; };
		590F53B218FC1F230099E989 /* GTLPlusMoment.m in Sources */ = {isa = PBXBuildFile; fileRef = 590F535018FC1F230099E989 /* GTLPlusMoment.m */; };
		590F53B318FC1F230099E989 /* GTLPlusMomentsFeed.m in Sources */ = {isa = PBXBuildFile; fileRef = 590F535218FC1F230099E989 /* GTLPlusMomentsFeed.m */; };
		590F53B418FC1F230099E989 /* GTLPlusPeopleFeed.m in Sources */ = {isa = PBXBuildFile; fileRef = 590F535418FC1F230099E989 /* GTLPlusPeopleFeed.m */; };
		590F53B518FC1F230099E989 /* GTLPlusPerson.m in Sources */ = {isa = PBXBuildFile; fileRef = 590F535618FC1F230099E989 /* GTLPlusPerson.m */; };
		590F53B618FC1F230099E989 /* GTLPlusPlace.m in Sources */ = {isa = PBXBuildFile; fileRef = 590F535818FC1F230099E989 /* GTLPlusPlace.m */; };
		590F53B718FC1F230099E989 /* GTLQueryPlus.m in Sources */ = {isa = PBXBuildFile; fileRef = 590F535A18FC1F230099E989 /* GTLQueryPlus.m */; };
		590F53B818FC1F230099E989 /* GTLServicePlus.m in Sources */ = {isa = PBXBuildFile; fileRef = 590F535C18FC1F230099E989 /* GTLServicePlus.m */; settings = {COMPILER_FLAGS = "-fno-objc-arc"; }; };
		590F53B918FC1F230099E989 /* GTLQuery.m in Sources */ = {isa = PBXBuildFile; fileRef = 590F535E18FC1F230099E989 /* GTLQuery.m */; settings = {COMPILER_FLAGS = "-fno-objc-arc"; }; };
		590F53BA18FC1F230099E989 /* GTLRuntimeCommon.m in Sources */ = {isa = PBXBuildFile; fileRef = 590F536018FC1F230099E989 /* GTLRuntimeCommon.m */; settings = {COMPILER_FLAGS = "-fno-objc-arc"; }; };
		590F53BB18FC1F230099E989 /* GTLService.m in Sources */ = {isa = PBXBuildFile; fileRef = 590F536218FC1F230099E989 /* GTLService.m */; settings = {COMPILER_FLAGS = "-fno-objc-arc"; }; };
		590F53BC18FC1F230099E989 /* GTLUploadParameters.m in Sources */ = {isa = PBXBuildFile; fileRef = 590F536518FC1F230099E989 /* GTLUploadParameters.m */; settings = {COMPILER_FLAGS = "-fno-objc-arc"; }; };
		590F53BD18FC1F230099E989 /* GTLUtilities.m in Sources */ = {isa = PBXBuildFile; fileRef = 590F536718FC1F230099E989 /* GTLUtilities.m */; settings = {COMPILER_FLAGS = "-fno-objc-arc"; }; };
		590F53BE18FC1F230099E989 /* GTMHTTPFetcher.m in Sources */ = {isa = PBXBuildFile; fileRef = 590F536B18FC1F230099E989 /* GTMHTTPFetcher.m */; settings = {COMPILER_FLAGS = "-fno-objc-arc"; }; };
		590F53BF18FC1F230099E989 /* GTMHTTPFetcherLogging.m in Sources */ = {isa = PBXBuildFile; fileRef = 590F536D18FC1F230099E989 /* GTMHTTPFetcherLogging.m */; settings = {COMPILER_FLAGS = "-fno-objc-arc"; }; };
		590F53C018FC1F230099E989 /* GTMHTTPFetcherService.m in Sources */ = {isa = PBXBuildFile; fileRef = 590F536F18FC1F230099E989 /* GTMHTTPFetcherService.m */; settings = {COMPILER_FLAGS = "-fno-objc-arc"; }; };
		590F53C118FC1F230099E989 /* GTMHTTPFetchHistory.m in Sources */ = {isa = PBXBuildFile; fileRef = 590F537118FC1F230099E989 /* GTMHTTPFetchHistory.m */; settings = {COMPILER_FLAGS = "-fno-objc-arc"; }; };
		590F53C218FC1F230099E989 /* GTMHTTPUploadFetcher.m in Sources */ = {isa = PBXBuildFile; fileRef = 590F537318FC1F230099E989 /* GTMHTTPUploadFetcher.m */; settings = {COMPILER_FLAGS = "-fno-objc-arc"; }; };
		590F53C318FC1F230099E989 /* GTMLogger.m in Sources */ = {isa = PBXBuildFile; fileRef = 590F537518FC1F230099E989 /* GTMLogger.m */; settings = {COMPILER_FLAGS = "-fno-objc-arc"; }; };
		590F53C418FC1F230099E989 /* GTMMethodCheck.m in Sources */ = {isa = PBXBuildFile; fileRef = 590F537718FC1F230099E989 /* GTMMethodCheck.m */; };
		590F53C518FC1F230099E989 /* GTMNSDictionary+URLArguments.m in Sources */ = {isa = PBXBuildFile; fileRef = 590F537918FC1F230099E989 /* GTMNSDictionary+URLArguments.m */; };
		590F53C618FC1F230099E989 /* GTMNSString+URLArguments.m in Sources */ = {isa = PBXBuildFile; fileRef = 590F537B18FC1F230099E989 /* GTMNSString+URLArguments.m */; };
		590F53C718FC1F230099E989 /* GTMOAuth2Authentication.m in Sources */ = {isa = PBXBuildFile; fileRef = 590F537D18FC1F230099E989 /* GTMOAuth2Authentication.m */; settings = {COMPILER_FLAGS = "-fno-objc-arc"; }; };
		590F53C818FC1F230099E989 /* GTMOAuth2SignIn.m in Sources */ = {isa = PBXBuildFile; fileRef = 590F537F18FC1F230099E989 /* GTMOAuth2SignIn.m */; settings = {COMPILER_FLAGS = "-fno-objc-arc"; }; };
		590F53C918FC1F230099E989 /* GTMOAuth2ViewControllerTouch.m in Sources */ = {isa = PBXBuildFile; fileRef = 590F538118FC1F230099E989 /* GTMOAuth2ViewControllerTouch.m */; settings = {COMPILER_FLAGS = "-fno-objc-arc"; }; };
		590F53CA18FC1F230099E989 /* GTMObjC2Runtime.m in Sources */ = {isa = PBXBuildFile; fileRef = 590F538318FC1F230099E989 /* GTMObjC2Runtime.m */; };
		590F53CB18FC1F230099E989 /* OpenInChromeController.m in Sources */ = {isa = PBXBuildFile; fileRef = 590F538518FC1F230099E989 /* OpenInChromeController.m */; };
		590F53CC18FC1F230099E989 /* README in Resources */ = {isa = PBXBuildFile; fileRef = 590F538618FC1F230099E989 /* README */; };
		590F53CD18FC1F230099E989 /* libOAuth.a in Frameworks */ = {isa = PBXBuildFile; fileRef = 590F538818FC1F230099E989 /* libOAuth.a */; };
		590F543118FC29A90099E989 /* libxml2.2.dylib in Frameworks */ = {isa = PBXBuildFile; fileRef = 590F543018FC29A90099E989 /* libxml2.2.dylib */; };
		5950C9E618FD86F000677162 /* CoreText.framework in Frameworks */ = {isa = PBXBuildFile; fileRef = 5950C9E518FD86F000677162 /* CoreText.framework */; };
		5950C9E818FD86FC00677162 /* CoreMotion.framework in Frameworks */ = {isa = PBXBuildFile; fileRef = 5950C9E718FD86FC00677162 /* CoreMotion.framework */; };
		5950C9EA18FD870D00677162 /* AssetsLibrary.framework in Frameworks */ = {isa = PBXBuildFile; fileRef = 5950C9E918FD870D00677162 /* AssetsLibrary.framework */; };
		597057B019040DEC00994575 /* user_pic_default.png in Resources */ = {isa = PBXBuildFile; fileRef = 597057AE19040DEC00994575 /* user_pic_default.png */; };
		597057B119040DEC00994575 /* user_pic_default@2x.png in Resources */ = {isa = PBXBuildFile; fileRef = 597057AF19040DEC00994575 /* user_pic_default@2x.png */; };
		59727E3218FE824000E989A9 /* NAFeedData.m in Sources */ = {isa = PBXBuildFile; fileRef = 59727E3118FE824000E989A9 /* NAFeedData.m */; };
		597E631A1903E28D00328588 /* NAFeedCell.m in Sources */ = {isa = PBXBuildFile; fileRef = 597E63191903E28D00328588 /* NAFeedCell.m */; };
		59B7B70418FC08FD0012E06F /* Foundation.framework in Frameworks */ = {isa = PBXBuildFile; fileRef = 59B7B70318FC08FD0012E06F /* Foundation.framework */; };
		59B7B70618FC08FD0012E06F /* CoreGraphics.framework in Frameworks */ = {isa = PBXBuildFile; fileRef = 59B7B70518FC08FD0012E06F /* CoreGraphics.framework */; };
		59B7B70818FC08FD0012E06F /* UIKit.framework in Frameworks */ = {isa = PBXBuildFile; fileRef = 59B7B70718FC08FD0012E06F /* UIKit.framework */; };
		59B7B70E18FC08FD0012E06F /* InfoPlist.strings in Resources */ = {isa = PBXBuildFile; fileRef = 59B7B70C18FC08FD0012E06F /* InfoPlist.strings */; };
		59B7B71018FC08FD0012E06F /* main.m in Sources */ = {isa = PBXBuildFile; fileRef = 59B7B70F18FC08FD0012E06F /* main.m */; };
		59B7B71418FC08FD0012E06F /* NAAppDelegate.m in Sources */ = {isa = PBXBuildFile; fileRef = 59B7B71318FC08FD0012E06F /* NAAppDelegate.m */; };
		59B7B71718FC08FD0012E06F /* Main_iPhone.storyboard in Resources */ = {isa = PBXBuildFile; fileRef = 59B7B71518FC08FD0012E06F /* Main_iPhone.storyboard */; };
		59B7B71A18FC08FD0012E06F /* Main_iPad.storyboard in Resources */ = {isa = PBXBuildFile; fileRef = 59B7B71818FC08FD0012E06F /* Main_iPad.storyboard */; };
		59B7B71D18FC08FD0012E06F /* NAViewController.m in Sources */ = {isa = PBXBuildFile; fileRef = 59B7B71C18FC08FD0012E06F /* NAViewController.m */; };
		59B7B71F18FC08FD0012E06F /* Images.xcassets in Resources */ = {isa = PBXBuildFile; fileRef = 59B7B71E18FC08FD0012E06F /* Images.xcassets */; };
		59B7B72618FC08FD0012E06F /* XCTest.framework in Frameworks */ = {isa = PBXBuildFile; fileRef = 59B7B72518FC08FD0012E06F /* XCTest.framework */; };
		59B7B72718FC08FD0012E06F /* Foundation.framework in Frameworks */ = {isa = PBXBuildFile; fileRef = 59B7B70318FC08FD0012E06F /* Foundation.framework */; };
		59B7B72818FC08FD0012E06F /* UIKit.framework in Frameworks */ = {isa = PBXBuildFile; fileRef = 59B7B70718FC08FD0012E06F /* UIKit.framework */; };
		59B7B73018FC08FD0012E06F /* InfoPlist.strings in Resources */ = {isa = PBXBuildFile; fileRef = 59B7B72E18FC08FD0012E06F /* InfoPlist.strings */; };
		59B7B73218FC08FD0012E06F /* NikolaysAssignmentTests.m in Sources */ = {isa = PBXBuildFile; fileRef = 59B7B73118FC08FD0012E06F /* NikolaysAssignmentTests.m */; };
/* End PBXBuildFile section */

/* Begin PBXContainerItemProxy section */
		59B7B72918FC08FD0012E06F /* PBXContainerItemProxy */ = {
			isa = PBXContainerItemProxy;
			containerPortal = 59B7B6F818FC08FD0012E06F /* Project object */;
			proxyType = 1;
			remoteGlobalIDString = 59B7B6FF18FC08FD0012E06F;
			remoteInfo = NikolaysAssignment;
		};
/* End PBXContainerItemProxy section */

/* Begin PBXFileReference section */
		590D05FF18FC37F900A6C101 /* MGTwitterEngine.h */ = {isa = PBXFileReference; fileEncoding = 4; lastKnownFileType = sourcecode.c.h; path = MGTwitterEngine.h; sourceTree = "<group>"; };
		590D060018FC37F900A6C101 /* MGTwitterEngine.m */ = {isa = PBXFileReference; fileEncoding = 4; lastKnownFileType = sourcecode.c.objc; path = MGTwitterEngine.m; sourceTree = "<group>"; };
		590D060118FC37F900A6C101 /* MGTwitterEngineDelegate.h */ = {isa = PBXFileReference; fileEncoding = 4; lastKnownFileType = sourcecode.c.h; path = MGTwitterEngineDelegate.h; sourceTree = "<group>"; };
		590D060218FC37F900A6C101 /* MGTwitterEngineGlobalHeader.h */ = {isa = PBXFileReference; fileEncoding = 4; lastKnownFileType = sourcecode.c.h; path = MGTwitterEngineGlobalHeader.h; sourceTree = "<group>"; };
		590D060318FC37F900A6C101 /* MGTwitterHTTPURLConnection.h */ = {isa = PBXFileReference; fileEncoding = 4; lastKnownFileType = sourcecode.c.h; path = MGTwitterHTTPURLConnection.h; sourceTree = "<group>"; };
		590D060418FC37F900A6C101 /* MGTwitterHTTPURLConnection.m */ = {isa = PBXFileReference; fileEncoding = 4; lastKnownFileType = sourcecode.c.objc; path = MGTwitterHTTPURLConnection.m; sourceTree = "<group>"; };
		590D060518FC37F900A6C101 /* MGTwitterLibXMLParser.h */ = {isa = PBXFileReference; fileEncoding = 4; lastKnownFileType = sourcecode.c.h; path = MGTwitterLibXMLParser.h; sourceTree = "<group>"; };
		590D060618FC37F900A6C101 /* MGTwitterLibXMLParser.m */ = {isa = PBXFileReference; fileEncoding = 4; lastKnownFileType = sourcecode.c.objc; path = MGTwitterLibXMLParser.m; sourceTree = "<group>"; };
		590D060718FC37F900A6C101 /* MGTwitterMessagesLibXMLParser.h */ = {isa = PBXFileReference; fileEncoding = 4; lastKnownFileType = sourcecode.c.h; path = MGTwitterMessagesLibXMLParser.h; sourceTree = "<group>"; };
		590D060818FC37F900A6C101 /* MGTwitterMessagesLibXMLParser.m */ = {isa = PBXFileReference; fileEncoding = 4; lastKnownFileType = sourcecode.c.objc; path = MGTwitterMessagesLibXMLParser.m; sourceTree = "<group>"; };
		590D060918FC37F900A6C101 /* MGTwitterMessagesParser.h */ = {isa = PBXFileReference; fileEncoding = 4; lastKnownFileType = sourcecode.c.h; path = MGTwitterMessagesParser.h; sourceTree = "<group>"; };
		590D060A18FC37F900A6C101 /* MGTwitterMessagesParser.m */ = {isa = PBXFileReference; fileEncoding = 4; lastKnownFileType = sourcecode.c.objc; path = MGTwitterMessagesParser.m; sourceTree = "<group>"; };
		590D060B18FC37F900A6C101 /* MGTwitterMessagesYAJLParser.h */ = {isa = PBXFileReference; fileEncoding = 4; lastKnownFileType = sourcecode.c.h; path = MGTwitterMessagesYAJLParser.h; sourceTree = "<group>"; };
		590D060C18FC37F900A6C101 /* MGTwitterMessagesYAJLParser.m */ = {isa = PBXFileReference; fileEncoding = 4; lastKnownFileType = sourcecode.c.objc; path = MGTwitterMessagesYAJLParser.m; sourceTree = "<group>"; };
		590D060D18FC37F900A6C101 /* MGTwitterMiscLibXMLParser.h */ = {isa = PBXFileReference; fileEncoding = 4; lastKnownFileType = sourcecode.c.h; path = MGTwitterMiscLibXMLParser.h; sourceTree = "<group>"; };
		590D060E18FC37F900A6C101 /* MGTwitterMiscLibXMLParser.m */ = {isa = PBXFileReference; fileEncoding = 4; lastKnownFileType = sourcecode.c.objc; path = MGTwitterMiscLibXMLParser.m; sourceTree = "<group>"; };
		590D060F18FC37F900A6C101 /* MGTwitterMiscParser.h */ = {isa = PBXFileReference; fileEncoding = 4; lastKnownFileType = sourcecode.c.h; path = MGTwitterMiscParser.h; sourceTree = "<group>"; };
		590D061018FC37F900A6C101 /* MGTwitterMiscParser.m */ = {isa = PBXFileReference; fileEncoding = 4; lastKnownFileType = sourcecode.c.objc; path = MGTwitterMiscParser.m; sourceTree = "<group>"; };
		590D061118FC37F900A6C101 /* MGTwitterMiscYAJLParser.h */ = {isa = PBXFileReference; fileEncoding = 4; lastKnownFileType = sourcecode.c.h; path = MGTwitterMiscYAJLParser.h; sourceTree = "<group>"; };
		590D061218FC37F900A6C101 /* MGTwitterMiscYAJLParser.m */ = {isa = PBXFileReference; fileEncoding = 4; lastKnownFileType = sourcecode.c.objc; path = MGTwitterMiscYAJLParser.m; sourceTree = "<group>"; };
		590D061318FC37F900A6C101 /* MGTwitterParserDelegate.h */ = {isa = PBXFileReference; fileEncoding = 4; lastKnownFileType = sourcecode.c.h; path = MGTwitterParserDelegate.h; sourceTree = "<group>"; };
		590D061418FC37F900A6C101 /* MGTwitterRequestTypes.h */ = {isa = PBXFileReference; fileEncoding = 4; lastKnownFileType = sourcecode.c.h; path = MGTwitterRequestTypes.h; sourceTree = "<group>"; };
		590D061518FC37F900A6C101 /* MGTwitterSearchYAJLParser.h */ = {isa = PBXFileReference; fileEncoding = 4; lastKnownFileType = sourcecode.c.h; path = MGTwitterSearchYAJLParser.h; sourceTree = "<group>"; };
		590D061618FC37F900A6C101 /* MGTwitterSearchYAJLParser.m */ = {isa = PBXFileReference; fileEncoding = 4; lastKnownFileType = sourcecode.c.objc; path = MGTwitterSearchYAJLParser.m; sourceTree = "<group>"; };
		590D061718FC37F900A6C101 /* MGTwitterStatusesLibXMLParser.h */ = {isa = PBXFileReference; fileEncoding = 4; lastKnownFileType = sourcecode.c.h; path = MGTwitterStatusesLibXMLParser.h; sourceTree = "<group>"; };
		590D061818FC37F900A6C101 /* MGTwitterStatusesLibXMLParser.m */ = {isa = PBXFileReference; fileEncoding = 4; lastKnownFileType = sourcecode.c.objc; path = MGTwitterStatusesLibXMLParser.m; sourceTree = "<group>"; };
		590D061918FC37F900A6C101 /* MGTwitterStatusesParser.h */ = {isa = PBXFileReference; fileEncoding = 4; lastKnownFileType = sourcecode.c.h; path = MGTwitterStatusesParser.h; sourceTree = "<group>"; };
		590D061A18FC37F900A6C101 /* MGTwitterStatusesParser.m */ = {isa = PBXFileReference; fileEncoding = 4; lastKnownFileType = sourcecode.c.objc; path = MGTwitterStatusesParser.m; sourceTree = "<group>"; };
		590D061B18FC37F900A6C101 /* MGTwitterStatusesYAJLParser.h */ = {isa = PBXFileReference; fileEncoding = 4; lastKnownFileType = sourcecode.c.h; path = MGTwitterStatusesYAJLParser.h; sourceTree = "<group>"; };
		590D061C18FC37F900A6C101 /* MGTwitterStatusesYAJLParser.m */ = {isa = PBXFileReference; fileEncoding = 4; lastKnownFileType = sourcecode.c.objc; path = MGTwitterStatusesYAJLParser.m; sourceTree = "<group>"; };
		590D061D18FC37F900A6C101 /* MGTwitterUsersLibXMLParser.h */ = {isa = PBXFileReference; fileEncoding = 4; lastKnownFileType = sourcecode.c.h; path = MGTwitterUsersLibXMLParser.h; sourceTree = "<group>"; };
		590D061E18FC37F900A6C101 /* MGTwitterUsersLibXMLParser.m */ = {isa = PBXFileReference; fileEncoding = 4; lastKnownFileType = sourcecode.c.objc; path = MGTwitterUsersLibXMLParser.m; sourceTree = "<group>"; };
		590D061F18FC37F900A6C101 /* MGTwitterUsersParser.h */ = {isa = PBXFileReference; fileEncoding = 4; lastKnownFileType = sourcecode.c.h; path = MGTwitterUsersParser.h; sourceTree = "<group>"; };
		590D062018FC37F900A6C101 /* MGTwitterUsersParser.m */ = {isa = PBXFileReference; fileEncoding = 4; lastKnownFileType = sourcecode.c.objc; path = MGTwitterUsersParser.m; sourceTree = "<group>"; };
		590D062118FC37F900A6C101 /* MGTwitterUsersYAJLParser.h */ = {isa = PBXFileReference; fileEncoding = 4; lastKnownFileType = sourcecode.c.h; path = MGTwitterUsersYAJLParser.h; sourceTree = "<group>"; };
		590D062218FC37F900A6C101 /* MGTwitterUsersYAJLParser.m */ = {isa = PBXFileReference; fileEncoding = 4; lastKnownFileType = sourcecode.c.objc; path = MGTwitterUsersYAJLParser.m; sourceTree = "<group>"; };
		590D062318FC37F900A6C101 /* MGTwitterXMLParser.h */ = {isa = PBXFileReference; fileEncoding = 4; lastKnownFileType = sourcecode.c.h; path = MGTwitterXMLParser.h; sourceTree = "<group>"; };
		590D062418FC37F900A6C101 /* MGTwitterXMLParser.m */ = {isa = PBXFileReference; fileEncoding = 4; lastKnownFileType = sourcecode.c.objc; path = MGTwitterXMLParser.m; sourceTree = "<group>"; };
		590D062518FC37F900A6C101 /* MGTwitterYAJLParser.h */ = {isa = PBXFileReference; fileEncoding = 4; lastKnownFileType = sourcecode.c.h; path = MGTwitterYAJLParser.h; sourceTree = "<group>"; };
		590D062618FC37F900A6C101 /* MGTwitterYAJLParser.m */ = {isa = PBXFileReference; fileEncoding = 4; lastKnownFileType = sourcecode.c.objc; path = MGTwitterYAJLParser.m; sourceTree = "<group>"; };
		590D062718FC37F900A6C101 /* NSData+Base64.h */ = {isa = PBXFileReference; fileEncoding = 4; lastKnownFileType = sourcecode.c.h; path = "NSData+Base64.h"; sourceTree = "<group>"; };
		590D062818FC37F900A6C101 /* NSData+Base64.m */ = {isa = PBXFileReference; fileEncoding = 4; lastKnownFileType = sourcecode.c.objc; path = "NSData+Base64.m"; sourceTree = "<group>"; };
		590D062918FC37F900A6C101 /* NSString+UUID.h */ = {isa = PBXFileReference; fileEncoding = 4; lastKnownFileType = sourcecode.c.h; path = "NSString+UUID.h"; sourceTree = "<group>"; };
		590D062A18FC37F900A6C101 /* NSString+UUID.m */ = {isa = PBXFileReference; fileEncoding = 4; lastKnownFileType = sourcecode.c.objc; path = "NSString+UUID.m"; sourceTree = "<group>"; };
		590D062C18FC37F900A6C101 /* libOAuth.a */ = {isa = PBXFileReference; lastKnownFileType = archive.ar; path = libOAuth.a; sourceTree = "<group>"; };
		590D062E18FC37F900A6C101 /* NSMutableURLRequest+Parameters.h */ = {isa = PBXFileReference; fileEncoding = 4; lastKnownFileType = sourcecode.c.h; path = "NSMutableURLRequest+Parameters.h"; sourceTree = "<group>"; };
		590D062F18FC37F900A6C101 /* NSString+URLEncoding.h */ = {isa = PBXFileReference; fileEncoding = 4; lastKnownFileType = sourcecode.c.h; path = "NSString+URLEncoding.h"; sourceTree = "<group>"; };
		590D063018FC37F900A6C101 /* NSURL+Base.h */ = {isa = PBXFileReference; fileEncoding = 4; lastKnownFileType = sourcecode.c.h; path = "NSURL+Base.h"; sourceTree = "<group>"; };
		590D063118FC37F900A6C101 /* OAAsynchronousDataFetcher.h */ = {isa = PBXFileReference; fileEncoding = 4; lastKnownFileType = sourcecode.c.h; path = OAAsynchronousDataFetcher.h; sourceTree = "<group>"; };
		590D063218FC37F900A6C101 /* OAConsumer.h */ = {isa = PBXFileReference; fileEncoding = 4; lastKnownFileType = sourcecode.c.h; path = OAConsumer.h; sourceTree = "<group>"; };
		590D063318FC37F900A6C101 /* OADataFetcher.h */ = {isa = PBXFileReference; fileEncoding = 4; lastKnownFileType = sourcecode.c.h; path = OADataFetcher.h; sourceTree = "<group>"; };
		590D063418FC37F900A6C101 /* OAHMAC_SHA1SignatureProvider.h */ = {isa = PBXFileReference; fileEncoding = 4; lastKnownFileType = sourcecode.c.h; path = OAHMAC_SHA1SignatureProvider.h; sourceTree = "<group>"; };
		590D063518FC37F900A6C101 /* OAMutableURLRequest.h */ = {isa = PBXFileReference; fileEncoding = 4; lastKnownFileType = sourcecode.c.h; path = OAMutableURLRequest.h; sourceTree = "<group>"; };
		590D063618FC37F900A6C101 /* OAPlaintextSignatureProvider.h */ = {isa = PBXFileReference; fileEncoding = 4; lastKnownFileType = sourcecode.c.h; path = OAPlaintextSignatureProvider.h; sourceTree = "<group>"; };
		590D063718FC37F900A6C101 /* OARequestParameter.h */ = {isa = PBXFileReference; fileEncoding = 4; lastKnownFileType = sourcecode.c.h; path = OARequestParameter.h; sourceTree = "<group>"; };
		590D063818FC37F900A6C101 /* OAServiceTicket.h */ = {isa = PBXFileReference; fileEncoding = 4; lastKnownFileType = sourcecode.c.h; path = OAServiceTicket.h; sourceTree = "<group>"; };
		590D063918FC37F900A6C101 /* OASignatureProviding.h */ = {isa = PBXFileReference; fileEncoding = 4; lastKnownFileType = sourcecode.c.h; path = OASignatureProviding.h; sourceTree = "<group>"; };
		590D063A18FC37F900A6C101 /* OAToken.h */ = {isa = PBXFileReference; fileEncoding = 4; lastKnownFileType = sourcecode.c.h; path = OAToken.h; sourceTree = "<group>"; };
		590D063B18FC37F900A6C101 /* OAToken_KeychainExtensions.h */ = {isa = PBXFileReference; fileEncoding = 4; lastKnownFileType = sourcecode.c.h; path = OAToken_KeychainExtensions.h; sourceTree = "<group>"; };
		590D063C18FC37F900A6C101 /* OAuthConsumer.h */ = {isa = PBXFileReference; fileEncoding = 4; lastKnownFileType = sourcecode.c.h; path = OAuthConsumer.h; sourceTree = "<group>"; };
		590D063E18FC37F900A6C101 /* SA_OAuthTwitterController.h */ = {isa = PBXFileReference; fileEncoding = 4; lastKnownFileType = sourcecode.c.h; path = SA_OAuthTwitterController.h; sourceTree = "<group>"; };
		590D063F18FC37F900A6C101 /* SA_OAuthTwitterController.m */ = {isa = PBXFileReference; fileEncoding = 4; lastKnownFileType = sourcecode.c.objc; path = SA_OAuthTwitterController.m; sourceTree = "<group>"; };
		590D064018FC37F900A6C101 /* SA_OAuthTwitterEngine.h */ = {isa = PBXFileReference; fileEncoding = 4; lastKnownFileType = sourcecode.c.h; path = SA_OAuthTwitterEngine.h; sourceTree = "<group>"; };
		590D064118FC37F900A6C101 /* SA_OAuthTwitterEngine.m */ = {isa = PBXFileReference; fileEncoding = 4; lastKnownFileType = sourcecode.c.objc; path = SA_OAuthTwitterEngine.m; sourceTree = "<group>"; };
		590D064318FC37F900A6C101 /* libYAJLiOSDevice.a */ = {isa = PBXFileReference; lastKnownFileType = archive.ar; path = libYAJLiOSDevice.a; sourceTree = "<group>"; };
		590D064418FC37F900A6C101 /* libYAJLiOSSimulator.a */ = {isa = PBXFileReference; lastKnownFileType = archive.ar; path = libYAJLiOSSimulator.a; sourceTree = "<group>"; };
		590D064518FC37F900A6C101 /* yajl_common.h */ = {isa = PBXFileReference; fileEncoding = 4; lastKnownFileType = sourcecode.c.h; path = yajl_common.h; sourceTree = "<group>"; };
		590D064618FC37F900A6C101 /* yajl_gen.h */ = {isa = PBXFileReference; fileEncoding = 4; lastKnownFileType = sourcecode.c.h; path = yajl_gen.h; sourceTree = "<group>"; };
		590D064718FC37F900A6C101 /* yajl_parse.h */ = {isa = PBXFileReference; fileEncoding = 4; lastKnownFileType = sourcecode.c.h; path = yajl_parse.h; sourceTree = "<group>"; };
		590D066218FC404F00A6C101 /* NADataFetcher.h */ = {isa = PBXFileReference; fileEncoding = 4; lastKnownFileType = sourcecode.c.h; path = NADataFetcher.h; sourceTree = "<group>"; };
		590D066318FC404F00A6C101 /* NADataFetcher.m */ = {isa = PBXFileReference; fileEncoding = 4; lastKnownFileType = sourcecode.c.objc; path = NADataFetcher.m; sourceTree = "<group>"; };
		590D066618FC458400A6C101 /* NAFacebookDataFetcher.h */ = {isa = PBXFileReference; fileEncoding = 4; lastKnownFileType = sourcecode.c.h; path = NAFacebookDataFetcher.h; sourceTree = "<group>"; };
		590D066718FC458400A6C101 /* NAFacebookDataFetcher.m */ = {isa = PBXFileReference; fileEncoding = 4; lastKnownFileType = sourcecode.c.objc; path = NAFacebookDataFetcher.m; sourceTree = "<group>"; };
		590D066918FC459F00A6C101 /* NATwitterDataFetcher.h */ = {isa = PBXFileReference; fileEncoding = 4; lastKnownFileType = sourcecode.c.h; path = NATwitterDataFetcher.h; sourceTree = "<group>"; };
		590D066A18FC459F00A6C101 /* NATwitterDataFetcher.m */ = {isa = PBXFileReference; fileEncoding = 4; lastKnownFileType = sourcecode.c.objc; path = NATwitterDataFetcher.m; sourceTree = "<group>"; };
		590D066C18FC45C900A6C101 /* NAGooglePlusDataFetcher.h */ = {isa = PBXFileReference; fileEncoding = 4; lastKnownFileType = sourcecode.c.h; path = NAGooglePlusDataFetcher.h; sourceTree = "<group>"; };
		590D066D18FC45C900A6C101 /* NAGooglePlusDataFetcher.m */ = {isa = PBXFileReference; fileEncoding = 4; lastKnownFileType = sourcecode.c.objc; path = NAGooglePlusDataFetcher.m; sourceTree = "<group>"; };
		590D067018FC474000A6C101 /* NAFeedTableViewController.h */ = {isa = PBXFileReference; fileEncoding = 4; lastKnownFileType = sourcecode.c.h; path = NAFeedTableViewController.h; sourceTree = "<group>"; };
		590D067118FC474000A6C101 /* NAFeedTableViewController.m */ = {isa = PBXFileReference; fileEncoding = 4; lastKnownFileType = sourcecode.c.objc; path = NAFeedTableViewController.m; sourceTree = "<group>"; };
		590D067418FC4BDA00A6C101 /* NAFeedItem.h */ = {isa = PBXFileReference; fileEncoding = 4; lastKnownFileType = sourcecode.c.h; path = NAFeedItem.h; sourceTree = "<group>"; };
		590D067518FC4BDA00A6C101 /* NAFeedItem.m */ = {isa = PBXFileReference; fileEncoding = 4; lastKnownFileType = sourcecode.c.objc; path = NAFeedItem.m; sourceTree = "<group>"; };
		590F530618FC188B0099E989 /* FacebookSDK.framework */ = {isa = PBXFileReference; lastKnownFileType = wrapper.framework; path = FacebookSDK.framework; sourceTree = "<group>"; };
		590F532518FC1F230099E989 /* Changelog */ = {isa = PBXFileReference; fileEncoding = 4; lastKnownFileType = text; path = Changelog; sourceTree = "<group>"; };
		590F532618FC1F230099E989 /* GoogleOpenSource.framework */ = {isa = PBXFileReference; lastKnownFileType = wrapper.framework; path = GoogleOpenSource.framework; sourceTree = "<group>"; };
		590F532718FC1F230099E989 /* GooglePlus.bundle */ = {isa = PBXFileReference; lastKnownFileType = "wrapper.plug-in"; path = GooglePlus.bundle; sourceTree = "<group>"; };
		590F532818FC1F230099E989 /* GooglePlus.framework */ = {isa = PBXFileReference; lastKnownFileType = wrapper.framework; path = GooglePlus.framework; sourceTree = "<group>"; };
		590F532A18FC1F230099E989 /* GoogleOpenSource.h */ = {isa = PBXFileReference; fileEncoding = 4; lastKnownFileType = sourcecode.c.h; path = GoogleOpenSource.h; sourceTree = "<group>"; };
		590F532C18FC1F230099E989 /* GTLBase64.h */ = {isa = PBXFileReference; fileEncoding = 4; lastKnownFileType = sourcecode.c.h; path = GTLBase64.h; sourceTree = "<group>"; };
		590F532D18FC1F230099E989 /* GTLBase64.m */ = {isa = PBXFileReference; fileEncoding = 4; lastKnownFileType = sourcecode.c.objc; path = GTLBase64.m; sourceTree = "<group>"; };
		590F532E18FC1F230099E989 /* GTLBatchQuery.h */ = {isa = PBXFileReference; fileEncoding = 4; lastKnownFileType = sourcecode.c.h; path = GTLBatchQuery.h; sourceTree = "<group>"; };
		590F532F18FC1F230099E989 /* GTLBatchQuery.m */ = {isa = PBXFileReference; fileEncoding = 4; lastKnownFileType = sourcecode.c.objc; path = GTLBatchQuery.m; sourceTree = "<group>"; };
		590F533018FC1F230099E989 /* GTLBatchResult.h */ = {isa = PBXFileReference; fileEncoding = 4; lastKnownFileType = sourcecode.c.h; path = GTLBatchResult.h; sourceTree = "<group>"; };
		590F533118FC1F230099E989 /* GTLBatchResult.m */ = {isa = PBXFileReference; fileEncoding = 4; lastKnownFileType = sourcecode.c.objc; path = GTLBatchResult.m; sourceTree = "<group>"; };
		590F533218FC1F230099E989 /* GTLDateTime.h */ = {isa = PBXFileReference; fileEncoding = 4; lastKnownFileType = sourcecode.c.h; path = GTLDateTime.h; sourceTree = "<group>"; };
		590F533318FC1F230099E989 /* GTLDateTime.m */ = {isa = PBXFileReference; fileEncoding = 4; lastKnownFileType = sourcecode.c.objc; path = GTLDateTime.m; sourceTree = "<group>"; };
		590F533418FC1F230099E989 /* GTLDefines.h */ = {isa = PBXFileReference; fileEncoding = 4; lastKnownFileType = sourcecode.c.h; path = GTLDefines.h; sourceTree = "<group>"; };
		590F533518FC1F230099E989 /* GTLErrorObject.h */ = {isa = PBXFileReference; fileEncoding = 4; lastKnownFileType = sourcecode.c.h; path = GTLErrorObject.h; sourceTree = "<group>"; };
		590F533618FC1F230099E989 /* GTLErrorObject.m */ = {isa = PBXFileReference; fileEncoding = 4; lastKnownFileType = sourcecode.c.objc; path = GTLErrorObject.m; sourceTree = "<group>"; };
		590F533718FC1F230099E989 /* GTLFramework.h */ = {isa = PBXFileReference; fileEncoding = 4; lastKnownFileType = sourcecode.c.h; path = GTLFramework.h; sourceTree = "<group>"; };
		590F533818FC1F230099E989 /* GTLFramework.m */ = {isa = PBXFileReference; fileEncoding = 4; lastKnownFileType = sourcecode.c.objc; path = GTLFramework.m; sourceTree = "<group>"; };
		590F533918FC1F230099E989 /* GTLJSONParser.h */ = {isa = PBXFileReference; fileEncoding = 4; lastKnownFileType = sourcecode.c.h; path = GTLJSONParser.h; sourceTree = "<group>"; };
		590F533A18FC1F230099E989 /* GTLJSONParser.m */ = {isa = PBXFileReference; fileEncoding = 4; lastKnownFileType = sourcecode.c.objc; path = GTLJSONParser.m; sourceTree = "<group>"; };
		590F533B18FC1F230099E989 /* GTLObject.h */ = {isa = PBXFileReference; fileEncoding = 4; lastKnownFileType = sourcecode.c.h; path = GTLObject.h; sourceTree = "<group>"; };
		590F533C18FC1F230099E989 /* GTLObject.m */ = {isa = PBXFileReference; fileEncoding = 4; lastKnownFileType = sourcecode.c.objc; path = GTLObject.m; sourceTree = "<group>"; };
		590F533E18FC1F230099E989 /* GTLPlus.h */ = {isa = PBXFileReference; fileEncoding = 4; lastKnownFileType = sourcecode.c.h; path = GTLPlus.h; sourceTree = "<group>"; };
		590F533F18FC1F230099E989 /* GTLPlusAcl.h */ = {isa = PBXFileReference; fileEncoding = 4; lastKnownFileType = sourcecode.c.h; path = GTLPlusAcl.h; sourceTree = "<group>"; };
		590F534018FC1F230099E989 /* GTLPlusAcl.m */ = {isa = PBXFileReference; fileEncoding = 4; lastKnownFileType = sourcecode.c.objc; path = GTLPlusAcl.m; sourceTree = "<group>"; };
		590F534118FC1F230099E989 /* GTLPlusAclentryResource.h */ = {isa = PBXFileReference; fileEncoding = 4; lastKnownFileType = sourcecode.c.h; path = GTLPlusAclentryResource.h; sourceTree = "<group>"; };
		590F534218FC1F230099E989 /* GTLPlusAclentryResource.m */ = {isa = PBXFileReference; fileEncoding = 4; lastKnownFileType = sourcecode.c.objc; path = GTLPlusAclentryResource.m; sourceTree = "<group>"; };
		590F534318FC1F230099E989 /* GTLPlusActivity.h */ = {isa = PBXFileReference; fileEncoding = 4; lastKnownFileType = sourcecode.c.h; path = GTLPlusActivity.h; sourceTree = "<group>"; };
		590F534418FC1F230099E989 /* GTLPlusActivity.m */ = {isa = PBXFileReference; fileEncoding = 4; lastKnownFileType = sourcecode.c.objc; path = GTLPlusActivity.m; sourceTree = "<group>"; };
		590F534518FC1F230099E989 /* GTLPlusActivityFeed.h */ = {isa = PBXFileReference; fileEncoding = 4; lastKnownFileType = sourcecode.c.h; path = GTLPlusActivityFeed.h; sourceTree = "<group>"; };
		590F534618FC1F230099E989 /* GTLPlusActivityFeed.m */ = {isa = PBXFileReference; fileEncoding = 4; lastKnownFileType = sourcecode.c.objc; path = GTLPlusActivityFeed.m; sourceTree = "<group>"; };
		590F534718FC1F230099E989 /* GTLPlusComment.h */ = {isa = PBXFileReference; fileEncoding = 4; lastKnownFileType = sourcecode.c.h; path = GTLPlusComment.h; sourceTree = "<group>"; };
		590F534818FC1F230099E989 /* GTLPlusComment.m */ = {isa = PBXFileReference; fileEncoding = 4; lastKnownFileType = sourcecode.c.objc; path = GTLPlusComment.m; sourceTree = "<group>"; };
		590F534918FC1F230099E989 /* GTLPlusCommentFeed.h */ = {isa = PBXFileReference; fileEncoding = 4; lastKnownFileType = sourcecode.c.h; path = GTLPlusCommentFeed.h; sourceTree = "<group>"; };
		590F534A18FC1F230099E989 /* GTLPlusCommentFeed.m */ = {isa = PBXFileReference; fileEncoding = 4; lastKnownFileType = sourcecode.c.objc; path = GTLPlusCommentFeed.m; sourceTree = "<group>"; };
		590F534B18FC1F230099E989 /* GTLPlusConstants.h */ = {isa = PBXFileReference; fileEncoding = 4; lastKnownFileType = sourcecode.c.h; path = GTLPlusConstants.h; sourceTree = "<group>"; };
		590F534C18FC1F230099E989 /* GTLPlusConstants.m */ = {isa = PBXFileReference; fileEncoding = 4; lastKnownFileType = sourcecode.c.objc; path = GTLPlusConstants.m; sourceTree = "<group>"; };
		590F534D18FC1F230099E989 /* GTLPlusItemScope.h */ = {isa = PBXFileReference; fileEncoding = 4; lastKnownFileType = sourcecode.c.h; path = GTLPlusItemScope.h; sourceTree = "<group>"; };
		590F534E18FC1F230099E989 /* GTLPlusItemScope.m */ = {isa = PBXFileReference; fileEncoding = 4; lastKnownFileType = sourcecode.c.objc; path = GTLPlusItemScope.m; sourceTree = "<group>"; };
		590F534F18FC1F230099E989 /* GTLPlusMoment.h */ = {isa = PBXFileReference; fileEncoding = 4; lastKnownFileType = sourcecode.c.h; path = GTLPlusMoment.h; sourceTree = "<group>"; };
		590F535018FC1F230099E989 /* GTLPlusMoment.m */ = {isa = PBXFileReference; fileEncoding = 4; lastKnownFileType = sourcecode.c.objc; path = GTLPlusMoment.m; sourceTree = "<group>"; };
		590F535118FC1F230099E989 /* GTLPlusMomentsFeed.h */ = {isa = PBXFileReference; fileEncoding = 4; lastKnownFileType = sourcecode.c.h; path = GTLPlusMomentsFeed.h; sourceTree = "<group>"; };
		590F535218FC1F230099E989 /* GTLPlusMomentsFeed.m */ = {isa = PBXFileReference; fileEncoding = 4; lastKnownFileType = sourcecode.c.objc; path = GTLPlusMomentsFeed.m; sourceTree = "<group>"; };
		590F535318FC1F230099E989 /* GTLPlusPeopleFeed.h */ = {isa = PBXFileReference; fileEncoding = 4; lastKnownFileType = sourcecode.c.h; path = GTLPlusPeopleFeed.h; sourceTree = "<group>"; };
		590F535418FC1F230099E989 /* GTLPlusPeopleFeed.m */ = {isa = PBXFileReference; fileEncoding = 4; lastKnownFileType = sourcecode.c.objc; path = GTLPlusPeopleFeed.m; sourceTree = "<group>"; };
		590F535518FC1F230099E989 /* GTLPlusPerson.h */ = {isa = PBXFileReference; fileEncoding = 4; lastKnownFileType = sourcecode.c.h; path = GTLPlusPerson.h; sourceTree = "<group>"; };
		590F535618FC1F230099E989 /* GTLPlusPerson.m */ = {isa = PBXFileReference; fileEncoding = 4; lastKnownFileType = sourcecode.c.objc; path = GTLPlusPerson.m; sourceTree = "<group>"; };
		590F535718FC1F230099E989 /* GTLPlusPlace.h */ = {isa = PBXFileReference; fileEncoding = 4; lastKnownFileType = sourcecode.c.h; path = GTLPlusPlace.h; sourceTree = "<group>"; };
		590F535818FC1F230099E989 /* GTLPlusPlace.m */ = {isa = PBXFileReference; fileEncoding = 4; lastKnownFileType = sourcecode.c.objc; path = GTLPlusPlace.m; sourceTree = "<group>"; };
		590F535918FC1F230099E989 /* GTLQueryPlus.h */ = {isa = PBXFileReference; fileEncoding = 4; lastKnownFileType = sourcecode.c.h; path = GTLQueryPlus.h; sourceTree = "<group>"; };
		590F535A18FC1F230099E989 /* GTLQueryPlus.m */ = {isa = PBXFileReference; fileEncoding = 4; lastKnownFileType = sourcecode.c.objc; path = GTLQueryPlus.m; sourceTree = "<group>"; };
		590F535B18FC1F230099E989 /* GTLServicePlus.h */ = {isa = PBXFileReference; fileEncoding = 4; lastKnownFileType = sourcecode.c.h; path = GTLServicePlus.h; sourceTree = "<group>"; };
		590F535C18FC1F230099E989 /* GTLServicePlus.m */ = {isa = PBXFileReference; fileEncoding = 4; lastKnownFileType = sourcecode.c.objc; path = GTLServicePlus.m; sourceTree = "<group>"; };
		590F535D18FC1F230099E989 /* GTLQuery.h */ = {isa = PBXFileReference; fileEncoding = 4; lastKnownFileType = sourcecode.c.h; path = GTLQuery.h; sourceTree = "<group>"; };
		590F535E18FC1F230099E989 /* GTLQuery.m */ = {isa = PBXFileReference; fileEncoding = 4; lastKnownFileType = sourcecode.c.objc; path = GTLQuery.m; sourceTree = "<group>"; };
		590F535F18FC1F230099E989 /* GTLRuntimeCommon.h */ = {isa = PBXFileReference; fileEncoding = 4; lastKnownFileType = sourcecode.c.h; path = GTLRuntimeCommon.h; sourceTree = "<group>"; };
		590F536018FC1F230099E989 /* GTLRuntimeCommon.m */ = {isa = PBXFileReference; fileEncoding = 4; lastKnownFileType = sourcecode.c.objc; path = GTLRuntimeCommon.m; sourceTree = "<group>"; };
		590F536118FC1F230099E989 /* GTLService.h */ = {isa = PBXFileReference; fileEncoding = 4; lastKnownFileType = sourcecode.c.h; path = GTLService.h; sourceTree = "<group>"; };
		590F536218FC1F230099E989 /* GTLService.m */ = {isa = PBXFileReference; fileEncoding = 4; lastKnownFileType = sourcecode.c.objc; path = GTLService.m; sourceTree = "<group>"; };
		590F536318FC1F230099E989 /* GTLTargetNamespace.h */ = {isa = PBXFileReference; fileEncoding = 4; lastKnownFileType = sourcecode.c.h; path = GTLTargetNamespace.h; sourceTree = "<group>"; };
		590F536418FC1F230099E989 /* GTLUploadParameters.h */ = {isa = PBXFileReference; fileEncoding = 4; lastKnownFileType = sourcecode.c.h; path = GTLUploadParameters.h; sourceTree = "<group>"; };
		590F536518FC1F230099E989 /* GTLUploadParameters.m */ = {isa = PBXFileReference; fileEncoding = 4; lastKnownFileType = sourcecode.c.objc; path = GTLUploadParameters.m; sourceTree = "<group>"; };
		590F536618FC1F230099E989 /* GTLUtilities.h */ = {isa = PBXFileReference; fileEncoding = 4; lastKnownFileType = sourcecode.c.h; path = GTLUtilities.h; sourceTree = "<group>"; };
		590F536718FC1F230099E989 /* GTLUtilities.m */ = {isa = PBXFileReference; fileEncoding = 4; lastKnownFileType = sourcecode.c.objc; path = GTLUtilities.m; sourceTree = "<group>"; };
		590F536818FC1F230099E989 /* GTMDefines.h */ = {isa = PBXFileReference; fileEncoding = 4; lastKnownFileType = sourcecode.c.h; path = GTMDefines.h; sourceTree = "<group>"; };
		590F536918FC1F230099E989 /* GTMGarbageCollection.h */ = {isa = PBXFileReference; fileEncoding = 4; lastKnownFileType = sourcecode.c.h; path = GTMGarbageCollection.h; sourceTree = "<group>"; };
		590F536A18FC1F230099E989 /* GTMHTTPFetcher.h */ = {isa = PBXFileReference; fileEncoding = 4; lastKnownFileType = sourcecode.c.h; path = GTMHTTPFetcher.h; sourceTree = "<group>"; };
		590F536B18FC1F230099E989 /* GTMHTTPFetcher.m */ = {isa = PBXFileReference; fileEncoding = 4; lastKnownFileType = sourcecode.c.objc; path = GTMHTTPFetcher.m; sourceTree = "<group>"; };
		590F536C18FC1F230099E989 /* GTMHTTPFetcherLogging.h */ = {isa = PBXFileReference; fileEncoding = 4; lastKnownFileType = sourcecode.c.h; path = GTMHTTPFetcherLogging.h; sourceTree = "<group>"; };
		590F536D18FC1F230099E989 /* GTMHTTPFetcherLogging.m */ = {isa = PBXFileReference; fileEncoding = 4; lastKnownFileType = sourcecode.c.objc; path = GTMHTTPFetcherLogging.m; sourceTree = "<group>"; };
		590F536E18FC1F230099E989 /* GTMHTTPFetcherService.h */ = {isa = PBXFileReference; fileEncoding = 4; lastKnownFileType = sourcecode.c.h; path = GTMHTTPFetcherService.h; sourceTree = "<group>"; };
		590F536F18FC1F230099E989 /* GTMHTTPFetcherService.m */ = {isa = PBXFileReference; fileEncoding = 4; lastKnownFileType = sourcecode.c.objc; path = GTMHTTPFetcherService.m; sourceTree = "<group>"; };
		590F537018FC1F230099E989 /* GTMHTTPFetchHistory.h */ = {isa = PBXFileReference; fileEncoding = 4; lastKnownFileType = sourcecode.c.h; path = GTMHTTPFetchHistory.h; sourceTree = "<group>"; };
		590F537118FC1F230099E989 /* GTMHTTPFetchHistory.m */ = {isa = PBXFileReference; fileEncoding = 4; lastKnownFileType = sourcecode.c.objc; path = GTMHTTPFetchHistory.m; sourceTree = "<group>"; };
		590F537218FC1F230099E989 /* GTMHTTPUploadFetcher.h */ = {isa = PBXFileReference; fileEncoding = 4; lastKnownFileType = sourcecode.c.h; path = GTMHTTPUploadFetcher.h; sourceTree = "<group>"; };
		590F537318FC1F230099E989 /* GTMHTTPUploadFetcher.m */ = {isa = PBXFileReference; fileEncoding = 4; lastKnownFileType = sourcecode.c.objc; path = GTMHTTPUploadFetcher.m; sourceTree = "<group>"; };
		590F537418FC1F230099E989 /* GTMLogger.h */ = {isa = PBXFileReference; fileEncoding = 4; lastKnownFileType = sourcecode.c.h; path = GTMLogger.h; sourceTree = "<group>"; };
		590F537518FC1F230099E989 /* GTMLogger.m */ = {isa = PBXFileReference; fileEncoding = 4; lastKnownFileType = sourcecode.c.objc; path = GTMLogger.m; sourceTree = "<group>"; };
		590F537618FC1F230099E989 /* GTMMethodCheck.h */ = {isa = PBXFileReference; fileEncoding = 4; lastKnownFileType = sourcecode.c.h; path = GTMMethodCheck.h; sourceTree = "<group>"; };
		590F537718FC1F230099E989 /* GTMMethodCheck.m */ = {isa = PBXFileReference; fileEncoding = 4; lastKnownFileType = sourcecode.c.objc; path = GTMMethodCheck.m; sourceTree = "<group>"; };
		590F537818FC1F230099E989 /* GTMNSDictionary+URLArguments.h */ = {isa = PBXFileReference; fileEncoding = 4; lastKnownFileType = sourcecode.c.h; path = "GTMNSDictionary+URLArguments.h"; sourceTree = "<group>"; };
		590F537918FC1F230099E989 /* GTMNSDictionary+URLArguments.m */ = {isa = PBXFileReference; fileEncoding = 4; lastKnownFileType = sourcecode.c.objc; path = "GTMNSDictionary+URLArguments.m"; sourceTree = "<group>"; };
		590F537A18FC1F230099E989 /* GTMNSString+URLArguments.h */ = {isa = PBXFileReference; fileEncoding = 4; lastKnownFileType = sourcecode.c.h; path = "GTMNSString+URLArguments.h"; sourceTree = "<group>"; };
		590F537B18FC1F230099E989 /* GTMNSString+URLArguments.m */ = {isa = PBXFileReference; fileEncoding = 4; lastKnownFileType = sourcecode.c.objc; path = "GTMNSString+URLArguments.m"; sourceTree = "<group>"; };
		590F537C18FC1F230099E989 /* GTMOAuth2Authentication.h */ = {isa = PBXFileReference; fileEncoding = 4; lastKnownFileType = sourcecode.c.h; path = GTMOAuth2Authentication.h; sourceTree = "<group>"; };
		590F537D18FC1F230099E989 /* GTMOAuth2Authentication.m */ = {isa = PBXFileReference; fileEncoding = 4; lastKnownFileType = sourcecode.c.objc; path = GTMOAuth2Authentication.m; sourceTree = "<group>"; };
		590F537E18FC1F230099E989 /* GTMOAuth2SignIn.h */ = {isa = PBXFileReference; fileEncoding = 4; lastKnownFileType = sourcecode.c.h; path = GTMOAuth2SignIn.h; sourceTree = "<group>"; };
		590F537F18FC1F230099E989 /* GTMOAuth2SignIn.m */ = {isa = PBXFileReference; fileEncoding = 4; lastKnownFileType = sourcecode.c.objc; path = GTMOAuth2SignIn.m; sourceTree = "<group>"; };
		590F538018FC1F230099E989 /* GTMOAuth2ViewControllerTouch.h */ = {isa = PBXFileReference; fileEncoding = 4; lastKnownFileType = sourcecode.c.h; path = GTMOAuth2ViewControllerTouch.h; sourceTree = "<group>"; };
		590F538118FC1F230099E989 /* GTMOAuth2ViewControllerTouch.m */ = {isa = PBXFileReference; fileEncoding = 4; lastKnownFileType = sourcecode.c.objc; path = GTMOAuth2ViewControllerTouch.m; sourceTree = "<group>"; };
		590F538218FC1F230099E989 /* GTMObjC2Runtime.h */ = {isa = PBXFileReference; fileEncoding = 4; lastKnownFileType = sourcecode.c.h; path = GTMObjC2Runtime.h; sourceTree = "<group>"; };
		590F538318FC1F230099E989 /* GTMObjC2Runtime.m */ = {isa = PBXFileReference; fileEncoding = 4; lastKnownFileType = sourcecode.c.objc; path = GTMObjC2Runtime.m; sourceTree = "<group>"; };
		590F538418FC1F230099E989 /* OpenInChromeController.h */ = {isa = PBXFileReference; fileEncoding = 4; lastKnownFileType = sourcecode.c.h; path = OpenInChromeController.h; sourceTree = "<group>"; };
		590F538518FC1F230099E989 /* OpenInChromeController.m */ = {isa = PBXFileReference; fileEncoding = 4; lastKnownFileType = sourcecode.c.objc; path = OpenInChromeController.m; sourceTree = "<group>"; };
		590F538618FC1F230099E989 /* README */ = {isa = PBXFileReference; fileEncoding = 4; lastKnownFileType = text; path = README; sourceTree = "<group>"; };
		590F538818FC1F230099E989 /* libOAuth.a */ = {isa = PBXFileReference; lastKnownFileType = archive.ar; path = libOAuth.a; sourceTree = "<group>"; };
		590F538A18FC1F230099E989 /* NSMutableURLRequest+Parameters.h */ = {isa = PBXFileReference; fileEncoding = 4; lastKnownFileType = sourcecode.c.h; path = "NSMutableURLRequest+Parameters.h"; sourceTree = "<group>"; };
		590F538B18FC1F230099E989 /* NSString+URLEncoding.h */ = {isa = PBXFileReference; fileEncoding = 4; lastKnownFileType = sourcecode.c.h; path = "NSString+URLEncoding.h"; sourceTree = "<group>"; };
		590F538C18FC1F230099E989 /* NSURL+Base.h */ = {isa = PBXFileReference; fileEncoding = 4; lastKnownFileType = sourcecode.c.h; path = "NSURL+Base.h"; sourceTree = "<group>"; };
		590F538D18FC1F230099E989 /* OAAsynchronousDataFetcher.h */ = {isa = PBXFileReference; fileEncoding = 4; lastKnownFileType = sourcecode.c.h; path = OAAsynchronousDataFetcher.h; sourceTree = "<group>"; };
		590F538E18FC1F230099E989 /* OAConsumer.h */ = {isa = PBXFileReference; fileEncoding = 4; lastKnownFileType = sourcecode.c.h; path = OAConsumer.h; sourceTree = "<group>"; };
		590F538F18FC1F230099E989 /* OADataFetcher.h */ = {isa = PBXFileReference; fileEncoding = 4; lastKnownFileType = sourcecode.c.h; path = OADataFetcher.h; sourceTree = "<group>"; };
		590F539018FC1F230099E989 /* OAHMAC_SHA1SignatureProvider.h */ = {isa = PBXFileReference; fileEncoding = 4; lastKnownFileType = sourcecode.c.h; path = OAHMAC_SHA1SignatureProvider.h; sourceTree = "<group>"; };
		590F539118FC1F230099E989 /* OAMutableURLRequest.h */ = {isa = PBXFileReference; fileEncoding = 4; lastKnownFileType = sourcecode.c.h; path = OAMutableURLRequest.h; sourceTree = "<group>"; };
		590F539218FC1F230099E989 /* OAPlaintextSignatureProvider.h */ = {isa = PBXFileReference; fileEncoding = 4; lastKnownFileType = sourcecode.c.h; path = OAPlaintextSignatureProvider.h; sourceTree = "<group>"; };
		590F539318FC1F230099E989 /* OARequestParameter.h */ = {isa = PBXFileReference; fileEncoding = 4; lastKnownFileType = sourcecode.c.h; path = OARequestParameter.h; sourceTree = "<group>"; };
		590F539418FC1F230099E989 /* OAServiceTicket.h */ = {isa = PBXFileReference; fileEncoding = 4; lastKnownFileType = sourcecode.c.h; path = OAServiceTicket.h; sourceTree = "<group>"; };
		590F539518FC1F230099E989 /* OASignatureProviding.h */ = {isa = PBXFileReference; fileEncoding = 4; lastKnownFileType = sourcecode.c.h; path = OASignatureProviding.h; sourceTree = "<group>"; };
		590F539618FC1F230099E989 /* OAToken.h */ = {isa = PBXFileReference; fileEncoding = 4; lastKnownFileType = sourcecode.c.h; path = OAToken.h; sourceTree = "<group>"; };
		590F539718FC1F230099E989 /* OAToken_KeychainExtensions.h */ = {isa = PBXFileReference; fileEncoding = 4; lastKnownFileType = sourcecode.c.h; path = OAToken_KeychainExtensions.h; sourceTree = "<group>"; };
		590F539818FC1F230099E989 /* OAuthConsumer.h */ = {isa = PBXFileReference; fileEncoding = 4; lastKnownFileType = sourcecode.c.h; path = OAuthConsumer.h; sourceTree = "<group>"; };
		590F543018FC29A90099E989 /* libxml2.2.dylib */ = {isa = PBXFileReference; lastKnownFileType = "compiled.mach-o.dylib"; name = libxml2.2.dylib; path = usr/lib/libxml2.2.dylib; sourceTree = SDKROOT; };
		5950C9E518FD86F000677162 /* CoreText.framework */ = {isa = PBXFileReference; lastKnownFileType = wrapper.framework; name = CoreText.framework; path = System/Library/Frameworks/CoreText.framework; sourceTree = SDKROOT; };
		5950C9E718FD86FC00677162 /* CoreMotion.framework */ = {isa = PBXFileReference; lastKnownFileType = wrapper.framework; name = CoreMotion.framework; path = System/Library/Frameworks/CoreMotion.framework; sourceTree = SDKROOT; };
		5950C9E918FD870D00677162 /* AssetsLibrary.framework */ = {isa = PBXFileReference; lastKnownFileType = wrapper.framework; name = AssetsLibrary.framework; path = System/Library/Frameworks/AssetsLibrary.framework; sourceTree = SDKROOT; };
		597057AE19040DEC00994575 /* user_pic_default.png */ = {isa = PBXFileReference; lastKnownFileType = image.png; path = user_pic_default.png; sourceTree = "<group>"; };
		597057AF19040DEC00994575 /* user_pic_default@2x.png */ = {isa = PBXFileReference; lastKnownFileType = image.png; path = "user_pic_default@2x.png"; sourceTree = "<group>"; };
		59727E3018FE824000E989A9 /* NAFeedData.h */ = {isa = PBXFileReference; fileEncoding = 4; lastKnownFileType = sourcecode.c.h; name = NAFeedData.h; path = ../Feed/NAFeedData.h; sourceTree = "<group>"; };
		59727E3118FE824000E989A9 /* NAFeedData.m */ = {isa = PBXFileReference; fileEncoding = 4; lastKnownFileType = sourcecode.c.objc; name = NAFeedData.m; path = ../Feed/NAFeedData.m; sourceTree = "<group>"; };
		597E63181903E28D00328588 /* NAFeedCell.h */ = {isa = PBXFileReference; fileEncoding = 4; lastKnownFileType = sourcecode.c.h; path = NAFeedCell.h; sourceTree = "<group>"; };
		597E63191903E28D00328588 /* NAFeedCell.m */ = {isa = PBXFileReference; fileEncoding = 4; lastKnownFileType = sourcecode.c.objc; path = NAFeedCell.m; sourceTree = "<group>"; };
		59B7B70018FC08FD0012E06F /* NikolaysAssignment.app */ = {isa = PBXFileReference; explicitFileType = wrapper.application; includeInIndex = 0; path = NikolaysAssignment.app; sourceTree = BUILT_PRODUCTS_DIR; };
		59B7B70318FC08FD0012E06F /* Foundation.framework */ = {isa = PBXFileReference; lastKnownFileType = wrapper.framework; name = Foundation.framework; path = System/Library/Frameworks/Foundation.framework; sourceTree = SDKROOT; };
		59B7B70518FC08FD0012E06F /* CoreGraphics.framework */ = {isa = PBXFileReference; lastKnownFileType = wrapper.framework; name = CoreGraphics.framework; path = System/Library/Frameworks/CoreGraphics.framework; sourceTree = SDKROOT; };
		59B7B70718FC08FD0012E06F /* UIKit.framework */ = {isa = PBXFileReference; lastKnownFileType = wrapper.framework; name = UIKit.framework; path = System/Library/Frameworks/UIKit.framework; sourceTree = SDKROOT; };
		59B7B70B18FC08FD0012E06F /* NikolaysAssignment-Info.plist */ = {isa = PBXFileReference; lastKnownFileType = text.plist.xml; path = "NikolaysAssignment-Info.plist"; sourceTree = "<group>"; };
		59B7B70D18FC08FD0012E06F /* en */ = {isa = PBXFileReference; lastKnownFileType = text.plist.strings; name = en; path = en.lproj/InfoPlist.strings; sourceTree = "<group>"; };
		59B7B70F18FC08FD0012E06F /* main.m */ = {isa = PBXFileReference; lastKnownFileType = sourcecode.c.objc; path = main.m; sourceTree = "<group>"; };
		59B7B71118FC08FD0012E06F /* NikolaysAssignment-Prefix.pch */ = {isa = PBXFileReference; lastKnownFileType = sourcecode.c.h; path = "NikolaysAssignment-Prefix.pch"; sourceTree = "<group>"; };
		59B7B71218FC08FD0012E06F /* NAAppDelegate.h */ = {isa = PBXFileReference; lastKnownFileType = sourcecode.c.h; path = NAAppDelegate.h; sourceTree = "<group>"; };
		59B7B71318FC08FD0012E06F /* NAAppDelegate.m */ = {isa = PBXFileReference; lastKnownFileType = sourcecode.c.objc; path = NAAppDelegate.m; sourceTree = "<group>"; };
		59B7B71618FC08FD0012E06F /* Base */ = {isa = PBXFileReference; lastKnownFileType = file.storyboard; name = Base; path = Base.lproj/Main_iPhone.storyboard; sourceTree = "<group>"; };
		59B7B71918FC08FD0012E06F /* Base */ = {isa = PBXFileReference; lastKnownFileType = file.storyboard; name = Base; path = Base.lproj/Main_iPad.storyboard; sourceTree = "<group>"; };
		59B7B71B18FC08FD0012E06F /* NAViewController.h */ = {isa = PBXFileReference; lastKnownFileType = sourcecode.c.h; path = NAViewController.h; sourceTree = "<group>"; };
		59B7B71C18FC08FD0012E06F /* NAViewController.m */ = {isa = PBXFileReference; lastKnownFileType = sourcecode.c.objc; path = NAViewController.m; sourceTree = "<group>"; };
		59B7B71E18FC08FD0012E06F /* Images.xcassets */ = {isa = PBXFileReference; lastKnownFileType = folder.assetcatalog; path = Images.xcassets; sourceTree = "<group>"; };
		59B7B72418FC08FD0012E06F /* NikolaysAssignmentTests.xctest */ = {isa = PBXFileReference; explicitFileType = wrapper.cfbundle; includeInIndex = 0; path = NikolaysAssignmentTests.xctest; sourceTree = BUILT_PRODUCTS_DIR; };
		59B7B72518FC08FD0012E06F /* XCTest.framework */ = {isa = PBXFileReference; lastKnownFileType = wrapper.framework; name = XCTest.framework; path = Library/Frameworks/XCTest.framework; sourceTree = DEVELOPER_DIR; };
		59B7B72D18FC08FD0012E06F /* NikolaysAssignmentTests-Info.plist */ = {isa = PBXFileReference; lastKnownFileType = text.plist.xml; path = "NikolaysAssignmentTests-Info.plist"; sourceTree = "<group>"; };
		59B7B72F18FC08FD0012E06F /* en */ = {isa = PBXFileReference; lastKnownFileType = text.plist.strings; name = en; path = en.lproj/InfoPlist.strings; sourceTree = "<group>"; };
		59B7B73118FC08FD0012E06F /* NikolaysAssignmentTests.m */ = {isa = PBXFileReference; lastKnownFileType = sourcecode.c.objc; path = NikolaysAssignmentTests.m; sourceTree = "<group>"; };
/* End PBXFileReference section */

/* Begin PBXFrameworksBuildPhase section */
		59B7B6FD18FC08FD0012E06F /* Frameworks */ = {
			isa = PBXFrameworksBuildPhase;
			buildActionMask = 2147483647;
			files = (
				5950C9EA18FD870D00677162 /* AssetsLibrary.framework in Frameworks */,
				5950C9E818FD86FC00677162 /* CoreMotion.framework in Frameworks */,
				5950C9E618FD86F000677162 /* CoreText.framework in Frameworks */,
				590F543118FC29A90099E989 /* libxml2.2.dylib in Frameworks */,
				59B7B70618FC08FD0012E06F /* CoreGraphics.framework in Frameworks */,
				590D065C18FC37F900A6C101 /* libOAuth.a in Frameworks */,
				590D065F18FC37F900A6C101 /* libYAJLiOSDevice.a in Frameworks */,
				590F53CD18FC1F230099E989 /* libOAuth.a in Frameworks */,
				590F53A118FC1F230099E989 /* GooglePlus.framework in Frameworks */,
				590D066018FC37F900A6C101 /* libYAJLiOSSimulator.a in Frameworks */,
				590F530718FC188B0099E989 /* FacebookSDK.framework in Frameworks */,
				59B7B70818FC08FD0012E06F /* UIKit.framework in Frameworks */,
				590F539F18FC1F230099E989 /* GoogleOpenSource.framework in Frameworks */,
				59B7B70418FC08FD0012E06F /* Foundation.framework in Frameworks */,
			);
			runOnlyForDeploymentPostprocessing = 0;
		};
		59B7B72118FC08FD0012E06F /* Frameworks */ = {
			isa = PBXFrameworksBuildPhase;
			buildActionMask = 2147483647;
			files = (
				59B7B72618FC08FD0012E06F /* XCTest.framework in Frameworks */,
				59B7B72818FC08FD0012E06F /* UIKit.framework in Frameworks */,
				59B7B72718FC08FD0012E06F /* Foundation.framework in Frameworks */,
			);
			runOnlyForDeploymentPostprocessing = 0;
		};
/* End PBXFrameworksBuildPhase section */

/* Begin PBXGroup section */
		590D05FD18FC37F900A6C101 /* Twitter */ = {
			isa = PBXGroup;
			children = (
				590D05FE18FC37F900A6C101 /* MGTwitterEngine */,
				590D062B18FC37F900A6C101 /* Twitter+OAuth */,
				590D064218FC37F900A6C101 /* yajl */,
			);
			path = Twitter;
			sourceTree = "<group>";
		};
		590D05FE18FC37F900A6C101 /* MGTwitterEngine */ = {
			isa = PBXGroup;
			children = (
				590D05FF18FC37F900A6C101 /* MGTwitterEngine.h */,
				590D060018FC37F900A6C101 /* MGTwitterEngine.m */,
				590D060118FC37F900A6C101 /* MGTwitterEngineDelegate.h */,
				590D060218FC37F900A6C101 /* MGTwitterEngineGlobalHeader.h */,
				590D060318FC37F900A6C101 /* MGTwitterHTTPURLConnection.h */,
				590D060418FC37F900A6C101 /* MGTwitterHTTPURLConnection.m */,
				590D060518FC37F900A6C101 /* MGTwitterLibXMLParser.h */,
				590D060618FC37F900A6C101 /* MGTwitterLibXMLParser.m */,
				590D060718FC37F900A6C101 /* MGTwitterMessagesLibXMLParser.h */,
				590D060818FC37F900A6C101 /* MGTwitterMessagesLibXMLParser.m */,
				590D060918FC37F900A6C101 /* MGTwitterMessagesParser.h */,
				590D060A18FC37F900A6C101 /* MGTwitterMessagesParser.m */,
				590D060B18FC37F900A6C101 /* MGTwitterMessagesYAJLParser.h */,
				590D060C18FC37F900A6C101 /* MGTwitterMessagesYAJLParser.m */,
				590D060D18FC37F900A6C101 /* MGTwitterMiscLibXMLParser.h */,
				590D060E18FC37F900A6C101 /* MGTwitterMiscLibXMLParser.m */,
				590D060F18FC37F900A6C101 /* MGTwitterMiscParser.h */,
				590D061018FC37F900A6C101 /* MGTwitterMiscParser.m */,
				590D061118FC37F900A6C101 /* MGTwitterMiscYAJLParser.h */,
				590D061218FC37F900A6C101 /* MGTwitterMiscYAJLParser.m */,
				590D061318FC37F900A6C101 /* MGTwitterParserDelegate.h */,
				590D061418FC37F900A6C101 /* MGTwitterRequestTypes.h */,
				590D061518FC37F900A6C101 /* MGTwitterSearchYAJLParser.h */,
				590D061618FC37F900A6C101 /* MGTwitterSearchYAJLParser.m */,
				590D061718FC37F900A6C101 /* MGTwitterStatusesLibXMLParser.h */,
				590D061818FC37F900A6C101 /* MGTwitterStatusesLibXMLParser.m */,
				590D061918FC37F900A6C101 /* MGTwitterStatusesParser.h */,
				590D061A18FC37F900A6C101 /* MGTwitterStatusesParser.m */,
				590D061B18FC37F900A6C101 /* MGTwitterStatusesYAJLParser.h */,
				590D061C18FC37F900A6C101 /* MGTwitterStatusesYAJLParser.m */,
				590D061D18FC37F900A6C101 /* MGTwitterUsersLibXMLParser.h */,
				590D061E18FC37F900A6C101 /* MGTwitterUsersLibXMLParser.m */,
				590D061F18FC37F900A6C101 /* MGTwitterUsersParser.h */,
				590D062018FC37F900A6C101 /* MGTwitterUsersParser.m */,
				590D062118FC37F900A6C101 /* MGTwitterUsersYAJLParser.h */,
				590D062218FC37F900A6C101 /* MGTwitterUsersYAJLParser.m */,
				590D062318FC37F900A6C101 /* MGTwitterXMLParser.h */,
				590D062418FC37F900A6C101 /* MGTwitterXMLParser.m */,
				590D062518FC37F900A6C101 /* MGTwitterYAJLParser.h */,
				590D062618FC37F900A6C101 /* MGTwitterYAJLParser.m */,
				590D062718FC37F900A6C101 /* NSData+Base64.h */,
				590D062818FC37F900A6C101 /* NSData+Base64.m */,
				590D062918FC37F900A6C101 /* NSString+UUID.h */,
				590D062A18FC37F900A6C101 /* NSString+UUID.m */,
			);
			path = MGTwitterEngine;
			sourceTree = "<group>";
		};
		590D062B18FC37F900A6C101 /* Twitter+OAuth */ = {
			isa = PBXGroup;
			children = (
				590D062C18FC37F900A6C101 /* libOAuth.a */,
				590D062D18FC37F900A6C101 /* OAuthConsumer */,
				590D063D18FC37F900A6C101 /* SAOAuthTwitterEngine */,
			);
			path = "Twitter+OAuth";
			sourceTree = "<group>";
		};
		590D062D18FC37F900A6C101 /* OAuthConsumer */ = {
			isa = PBXGroup;
			children = (
				590D062E18FC37F900A6C101 /* NSMutableURLRequest+Parameters.h */,
				590D062F18FC37F900A6C101 /* NSString+URLEncoding.h */,
				590D063018FC37F900A6C101 /* NSURL+Base.h */,
				590D063118FC37F900A6C101 /* OAAsynchronousDataFetcher.h */,
				590D063218FC37F900A6C101 /* OAConsumer.h */,
				590D063318FC37F900A6C101 /* OADataFetcher.h */,
				590D063418FC37F900A6C101 /* OAHMAC_SHA1SignatureProvider.h */,
				590D063518FC37F900A6C101 /* OAMutableURLRequest.h */,
				590D063618FC37F900A6C101 /* OAPlaintextSignatureProvider.h */,
				590D063718FC37F900A6C101 /* OARequestParameter.h */,
				590D063818FC37F900A6C101 /* OAServiceTicket.h */,
				590D063918FC37F900A6C101 /* OASignatureProviding.h */,
				590D063A18FC37F900A6C101 /* OAToken.h */,
				590D063B18FC37F900A6C101 /* OAToken_KeychainExtensions.h */,
				590D063C18FC37F900A6C101 /* OAuthConsumer.h */,
			);
			path = OAuthConsumer;
			sourceTree = "<group>";
		};
		590D063D18FC37F900A6C101 /* SAOAuthTwitterEngine */ = {
			isa = PBXGroup;
			children = (
				590D063E18FC37F900A6C101 /* SA_OAuthTwitterController.h */,
				590D063F18FC37F900A6C101 /* SA_OAuthTwitterController.m */,
				590D064018FC37F900A6C101 /* SA_OAuthTwitterEngine.h */,
				590D064118FC37F900A6C101 /* SA_OAuthTwitterEngine.m */,
			);
			path = SAOAuthTwitterEngine;
			sourceTree = "<group>";
		};
		590D064218FC37F900A6C101 /* yajl */ = {
			isa = PBXGroup;
			children = (
				590D064318FC37F900A6C101 /* libYAJLiOSDevice.a */,
				590D064418FC37F900A6C101 /* libYAJLiOSSimulator.a */,
				590D064518FC37F900A6C101 /* yajl_common.h */,
				590D064618FC37F900A6C101 /* yajl_gen.h */,
				590D064718FC37F900A6C101 /* yajl_parse.h */,
			);
			path = yajl;
			sourceTree = "<group>";
		};
		590D066118FC3F6200A6C101 /* DataFetchers */ = {
			isa = PBXGroup;
			children = (
				590D066218FC404F00A6C101 /* NADataFetcher.h */,
				590D066318FC404F00A6C101 /* NADataFetcher.m */,
				590D066618FC458400A6C101 /* NAFacebookDataFetcher.h */,
				590D066718FC458400A6C101 /* NAFacebookDataFetcher.m */,
				590D066918FC459F00A6C101 /* NATwitterDataFetcher.h */,
				590D066A18FC459F00A6C101 /* NATwitterDataFetcher.m */,
				590D066C18FC45C900A6C101 /* NAGooglePlusDataFetcher.h */,
				590D066D18FC45C900A6C101 /* NAGooglePlusDataFetcher.m */,
			);
			path = DataFetchers;
			sourceTree = "<group>";
		};
		590D066F18FC46E700A6C101 /* Feed */ = {
			isa = PBXGroup;
			children = (
				590D067018FC474000A6C101 /* NAFeedTableViewController.h */,
				590D067118FC474000A6C101 /* NAFeedTableViewController.m */,
				597E63181903E28D00328588 /* NAFeedCell.h */,
				597E63191903E28D00328588 /* NAFeedCell.m */,
			);
			path = Feed;
			sourceTree = "<group>";
		};
		590D067318FC4B8F00A6C101 /* Model */ = {
			isa = PBXGroup;
			children = (
				59727E3018FE824000E989A9 /* NAFeedData.h */,
				59727E3118FE824000E989A9 /* NAFeedData.m */,
				590D067418FC4BDA00A6C101 /* NAFeedItem.h */,
				590D067518FC4BDA00A6C101 /* NAFeedItem.m */,
			);
			path = Model;
			sourceTree = "<group>";
		};
		590F530518FC188B0099E989 /* ThirdParty */ = {
			isa = PBXGroup;
			children = (
				590D05FD18FC37F900A6C101 /* Twitter */,
				590F532418FC1F230099E989 /* google-plus-ios-sdk-1.5.1 */,
				590F530618FC188B0099E989 /* FacebookSDK.framework */,
			);
			path = ThirdParty;
			sourceTree = "<group>";
		};
		590F532418FC1F230099E989 /* google-plus-ios-sdk-1.5.1 */ = {
			isa = PBXGroup;
			children = (
				590F532518FC1F230099E989 /* Changelog */,
				590F532618FC1F230099E989 /* GoogleOpenSource.framework */,
				590F532718FC1F230099E989 /* GooglePlus.bundle */,
				590F532818FC1F230099E989 /* GooglePlus.framework */,
				590F532918FC1F230099E989 /* OpenSource */,
				590F538618FC1F230099E989 /* README */,
				590F538718FC1F230099E989 /* Twitter+OAuth */,
			);
			path = "google-plus-ios-sdk-1.5.1";
			sourceTree = "<group>";
		};
		590F532918FC1F230099E989 /* OpenSource */ = {
			isa = PBXGroup;
			children = (
				590F532A18FC1F230099E989 /* GoogleOpenSource.h */,
				590F532B18FC1F230099E989 /* GTL */,
				590F536818FC1F230099E989 /* GTMDefines.h */,
				590F536918FC1F230099E989 /* GTMGarbageCollection.h */,
				590F536A18FC1F230099E989 /* GTMHTTPFetcher.h */,
				590F536B18FC1F230099E989 /* GTMHTTPFetcher.m */,
				590F536C18FC1F230099E989 /* GTMHTTPFetcherLogging.h */,
				590F536D18FC1F230099E989 /* GTMHTTPFetcherLogging.m */,
				590F536E18FC1F230099E989 /* GTMHTTPFetcherService.h */,
				590F536F18FC1F230099E989 /* GTMHTTPFetcherService.m */,
				590F537018FC1F230099E989 /* GTMHTTPFetchHistory.h */,
				590F537118FC1F230099E989 /* GTMHTTPFetchHistory.m */,
				590F537218FC1F230099E989 /* GTMHTTPUploadFetcher.h */,
				590F537318FC1F230099E989 /* GTMHTTPUploadFetcher.m */,
				590F537418FC1F230099E989 /* GTMLogger.h */,
				590F537518FC1F230099E989 /* GTMLogger.m */,
				590F537618FC1F230099E989 /* GTMMethodCheck.h */,
				590F537718FC1F230099E989 /* GTMMethodCheck.m */,
				590F537818FC1F230099E989 /* GTMNSDictionary+URLArguments.h */,
				590F537918FC1F230099E989 /* GTMNSDictionary+URLArguments.m */,
				590F537A18FC1F230099E989 /* GTMNSString+URLArguments.h */,
				590F537B18FC1F230099E989 /* GTMNSString+URLArguments.m */,
				590F537C18FC1F230099E989 /* GTMOAuth2Authentication.h */,
				590F537D18FC1F230099E989 /* GTMOAuth2Authentication.m */,
				590F537E18FC1F230099E989 /* GTMOAuth2SignIn.h */,
				590F537F18FC1F230099E989 /* GTMOAuth2SignIn.m */,
				590F538018FC1F230099E989 /* GTMOAuth2ViewControllerTouch.h */,
				590F538118FC1F230099E989 /* GTMOAuth2ViewControllerTouch.m */,
				590F538218FC1F230099E989 /* GTMObjC2Runtime.h */,
				590F538318FC1F230099E989 /* GTMObjC2Runtime.m */,
				590F538418FC1F230099E989 /* OpenInChromeController.h */,
				590F538518FC1F230099E989 /* OpenInChromeController.m */,
			);
			path = OpenSource;
			sourceTree = "<group>";
		};
		590F532B18FC1F230099E989 /* GTL */ = {
			isa = PBXGroup;
			children = (
				590F532C18FC1F230099E989 /* GTLBase64.h */,
				590F532D18FC1F230099E989 /* GTLBase64.m */,
				590F532E18FC1F230099E989 /* GTLBatchQuery.h */,
				590F532F18FC1F230099E989 /* GTLBatchQuery.m */,
				590F533018FC1F230099E989 /* GTLBatchResult.h */,
				590F533118FC1F230099E989 /* GTLBatchResult.m */,
				590F533218FC1F230099E989 /* GTLDateTime.h */,
				590F533318FC1F230099E989 /* GTLDateTime.m */,
				590F533418FC1F230099E989 /* GTLDefines.h */,
				590F533518FC1F230099E989 /* GTLErrorObject.h */,
				590F533618FC1F230099E989 /* GTLErrorObject.m */,
				590F533718FC1F230099E989 /* GTLFramework.h */,
				590F533818FC1F230099E989 /* GTLFramework.m */,
				590F533918FC1F230099E989 /* GTLJSONParser.h */,
				590F533A18FC1F230099E989 /* GTLJSONParser.m */,
				590F533B18FC1F230099E989 /* GTLObject.h */,
				590F533C18FC1F230099E989 /* GTLObject.m */,
				590F533D18FC1F230099E989 /* GTLPlus */,
				590F535D18FC1F230099E989 /* GTLQuery.h */,
				590F535E18FC1F230099E989 /* GTLQuery.m */,
				590F535F18FC1F230099E989 /* GTLRuntimeCommon.h */,
				590F536018FC1F230099E989 /* GTLRuntimeCommon.m */,
				590F536118FC1F230099E989 /* GTLService.h */,
				590F536218FC1F230099E989 /* GTLService.m */,
				590F536318FC1F230099E989 /* GTLTargetNamespace.h */,
				590F536418FC1F230099E989 /* GTLUploadParameters.h */,
				590F536518FC1F230099E989 /* GTLUploadParameters.m */,
				590F536618FC1F230099E989 /* GTLUtilities.h */,
				590F536718FC1F230099E989 /* GTLUtilities.m */,
			);
			path = GTL;
			sourceTree = "<group>";
		};
		590F533D18FC1F230099E989 /* GTLPlus */ = {
			isa = PBXGroup;
			children = (
				590F533E18FC1F230099E989 /* GTLPlus.h */,
				590F533F18FC1F230099E989 /* GTLPlusAcl.h */,
				590F534018FC1F230099E989 /* GTLPlusAcl.m */,
				590F534118FC1F230099E989 /* GTLPlusAclentryResource.h */,
				590F534218FC1F230099E989 /* GTLPlusAclentryResource.m */,
				590F534318FC1F230099E989 /* GTLPlusActivity.h */,
				590F534418FC1F230099E989 /* GTLPlusActivity.m */,
				590F534518FC1F230099E989 /* GTLPlusActivityFeed.h */,
				590F534618FC1F230099E989 /* GTLPlusActivityFeed.m */,
				590F534718FC1F230099E989 /* GTLPlusComment.h */,
				590F534818FC1F230099E989 /* GTLPlusComment.m */,
				590F534918FC1F230099E989 /* GTLPlusCommentFeed.h */,
				590F534A18FC1F230099E989 /* GTLPlusCommentFeed.m */,
				590F534B18FC1F230099E989 /* GTLPlusConstants.h */,
				590F534C18FC1F230099E989 /* GTLPlusConstants.m */,
				590F534D18FC1F230099E989 /* GTLPlusItemScope.h */,
				590F534E18FC1F230099E989 /* GTLPlusItemScope.m */,
				590F534F18FC1F230099E989 /* GTLPlusMoment.h */,
				590F535018FC1F230099E989 /* GTLPlusMoment.m */,
				590F535118FC1F230099E989 /* GTLPlusMomentsFeed.h */,
				590F535218FC1F230099E989 /* GTLPlusMomentsFeed.m */,
				590F535318FC1F230099E989 /* GTLPlusPeopleFeed.h */,
				590F535418FC1F230099E989 /* GTLPlusPeopleFeed.m */,
				590F535518FC1F230099E989 /* GTLPlusPerson.h */,
				590F535618FC1F230099E989 /* GTLPlusPerson.m */,
				590F535718FC1F230099E989 /* GTLPlusPlace.h */,
				590F535818FC1F230099E989 /* GTLPlusPlace.m */,
				590F535918FC1F230099E989 /* GTLQueryPlus.h */,
				590F535A18FC1F230099E989 /* GTLQueryPlus.m */,
				590F535B18FC1F230099E989 /* GTLServicePlus.h */,
				590F535C18FC1F230099E989 /* GTLServicePlus.m */,
			);
			path = GTLPlus;
			sourceTree = "<group>";
		};
		590F538718FC1F230099E989 /* Twitter+OAuth */ = {
			isa = PBXGroup;
			children = (
				590F538818FC1F230099E989 /* libOAuth.a */,
				590F538918FC1F230099E989 /* OAuthConsumer */,
			);
			path = "Twitter+OAuth";
			sourceTree = "<group>";
		};
		590F538918FC1F230099E989 /* OAuthConsumer */ = {
			isa = PBXGroup;
			children = (
				590F538A18FC1F230099E989 /* NSMutableURLRequest+Parameters.h */,
				590F538B18FC1F230099E989 /* NSString+URLEncoding.h */,
				590F538C18FC1F230099E989 /* NSURL+Base.h */,
				590F538D18FC1F230099E989 /* OAAsynchronousDataFetcher.h */,
				590F538E18FC1F230099E989 /* OAConsumer.h */,
				590F538F18FC1F230099E989 /* OADataFetcher.h */,
				590F539018FC1F230099E989 /* OAHMAC_SHA1SignatureProvider.h */,
				590F539118FC1F230099E989 /* OAMutableURLRequest.h */,
				590F539218FC1F230099E989 /* OAPlaintextSignatureProvider.h */,
				590F539318FC1F230099E989 /* OARequestParameter.h */,
				590F539418FC1F230099E989 /* OAServiceTicket.h */,
				590F539518FC1F230099E989 /* OASignatureProviding.h */,
				590F539618FC1F230099E989 /* OAToken.h */,
				590F539718FC1F230099E989 /* OAToken_KeychainExtensions.h */,
				590F539818FC1F230099E989 /* OAuthConsumer.h */,
			);
			path = OAuthConsumer;
			sourceTree = "<group>";
		};
		597057AD19040DEC00994575 /* Resources */ = {
			isa = PBXGroup;
			children = (
				597057AE19040DEC00994575 /* user_pic_default.png */,
				597057AF19040DEC00994575 /* user_pic_default@2x.png */,
			);
			path = Resources;
			sourceTree = "<group>";
		};
		59B7B6F718FC08FD0012E06F = {
			isa = PBXGroup;
			children = (
				59B7B70918FC08FD0012E06F /* NikolaysAssignment */,
				59B7B72B18FC08FD0012E06F /* NikolaysAssignmentTests */,
				59B7B70218FC08FD0012E06F /* Frameworks */,
				59B7B70118FC08FD0012E06F /* Products */,
			);
			sourceTree = "<group>";
		};
		59B7B70118FC08FD0012E06F /* Products */ = {
			isa = PBXGroup;
			children = (
				59B7B70018FC08FD0012E06F /* NikolaysAssignment.app */,
				59B7B72418FC08FD0012E06F /* NikolaysAssignmentTests.xctest */,
			);
			name = Products;
			sourceTree = "<group>";
		};
		59B7B70218FC08FD0012E06F /* Frameworks */ = {
			isa = PBXGroup;
			children = (
				5950C9E918FD870D00677162 /* AssetsLibrary.framework */,
				5950C9E718FD86FC00677162 /* CoreMotion.framework */,
				5950C9E518FD86F000677162 /* CoreText.framework */,
				590F543018FC29A90099E989 /* libxml2.2.dylib */,
				59B7B70318FC08FD0012E06F /* Foundation.framework */,
				59B7B70518FC08FD0012E06F /* CoreGraphics.framework */,
				59B7B70718FC08FD0012E06F /* UIKit.framework */,
				59B7B72518FC08FD0012E06F /* XCTest.framework */,
			);
			name = Frameworks;
			sourceTree = "<group>";
		};
		59B7B70918FC08FD0012E06F /* NikolaysAssignment */ = {
			isa = PBXGroup;
			children = (
				597057AD19040DEC00994575 /* Resources */,
				590D067318FC4B8F00A6C101 /* Model */,
				590D066F18FC46E700A6C101 /* Feed */,
				590D066118FC3F6200A6C101 /* DataFetchers */,
				590F530518FC188B0099E989 /* ThirdParty */,
				59B7B71218FC08FD0012E06F /* NAAppDelegate.h */,
				59B7B71318FC08FD0012E06F /* NAAppDelegate.m */,
				59B7B71518FC08FD0012E06F /* Main_iPhone.storyboard */,
				59B7B71818FC08FD0012E06F /* Main_iPad.storyboard */,
				59B7B71B18FC08FD0012E06F /* NAViewController.h */,
				59B7B71C18FC08FD0012E06F /* NAViewController.m */,
				59B7B71E18FC08FD0012E06F /* Images.xcassets */,
				59B7B70A18FC08FD0012E06F /* Supporting Files */,
			);
			path = NikolaysAssignment;
			sourceTree = "<group>";
		};
		59B7B70A18FC08FD0012E06F /* Supporting Files */ = {
			isa = PBXGroup;
			children = (
				59B7B70B18FC08FD0012E06F /* NikolaysAssignment-Info.plist */,
				59B7B70C18FC08FD0012E06F /* InfoPlist.strings */,
				59B7B70F18FC08FD0012E06F /* main.m */,
				59B7B71118FC08FD0012E06F /* NikolaysAssignment-Prefix.pch */,
			);
			name = "Supporting Files";
			sourceTree = "<group>";
		};
		59B7B72B18FC08FD0012E06F /* NikolaysAssignmentTests */ = {
			isa = PBXGroup;
			children = (
				59B7B73118FC08FD0012E06F /* NikolaysAssignmentTests.m */,
				59B7B72C18FC08FD0012E06F /* Supporting Files */,
			);
			path = NikolaysAssignmentTests;
			sourceTree = "<group>";
		};
		59B7B72C18FC08FD0012E06F /* Supporting Files */ = {
			isa = PBXGroup;
			children = (
				59B7B72D18FC08FD0012E06F /* NikolaysAssignmentTests-Info.plist */,
				59B7B72E18FC08FD0012E06F /* InfoPlist.strings */,
			);
			name = "Supporting Files";
			sourceTree = "<group>";
		};
/* End PBXGroup section */

/* Begin PBXNativeTarget section */
		59B7B6FF18FC08FD0012E06F /* NikolaysAssignment */ = {
			isa = PBXNativeTarget;
			buildConfigurationList = 59B7B73518FC08FD0012E06F /* Build configuration list for PBXNativeTarget "NikolaysAssignment" */;
			buildPhases = (
				59B7B6FC18FC08FD0012E06F /* Sources */,
				59B7B6FD18FC08FD0012E06F /* Frameworks */,
				59B7B6FE18FC08FD0012E06F /* Resources */,
			);
			buildRules = (
			);
			dependencies = (
			);
			name = NikolaysAssignment;
			productName = NikolaysAssignment;
			productReference = 59B7B70018FC08FD0012E06F /* NikolaysAssignment.app */;
			productType = "com.apple.product-type.application";
		};
		59B7B72318FC08FD0012E06F /* NikolaysAssignmentTests */ = {
			isa = PBXNativeTarget;
			buildConfigurationList = 59B7B73818FC08FD0012E06F /* Build configuration list for PBXNativeTarget "NikolaysAssignmentTests" */;
			buildPhases = (
				59B7B72018FC08FD0012E06F /* Sources */,
				59B7B72118FC08FD0012E06F /* Frameworks */,
				59B7B72218FC08FD0012E06F /* Resources */,
			);
			buildRules = (
			);
			dependencies = (
				59B7B72A18FC08FD0012E06F /* PBXTargetDependency */,
			);
			name = NikolaysAssignmentTests;
			productName = NikolaysAssignmentTests;
			productReference = 59B7B72418FC08FD0012E06F /* NikolaysAssignmentTests.xctest */;
			productType = "com.apple.product-type.bundle.unit-test";
		};
/* End PBXNativeTarget section */

/* Begin PBXProject section */
		59B7B6F818FC08FD0012E06F /* Project object */ = {
			isa = PBXProject;
			attributes = {
				CLASSPREFIX = NA;
				LastUpgradeCheck = 0510;
				ORGANIZATIONNAME = "Nikolay Aleshchenko";
				TargetAttributes = {
					59B7B72318FC08FD0012E06F = {
						TestTargetID = 59B7B6FF18FC08FD0012E06F;
					};
				};
			};
			buildConfigurationList = 59B7B6FB18FC08FD0012E06F /* Build configuration list for PBXProject "NikolaysAssignment" */;
			compatibilityVersion = "Xcode 3.2";
			developmentRegion = English;
			hasScannedForEncodings = 0;
			knownRegions = (
				en,
				Base,
			);
			mainGroup = 59B7B6F718FC08FD0012E06F;
			productRefGroup = 59B7B70118FC08FD0012E06F /* Products */;
			projectDirPath = "";
			projectRoot = "";
			targets = (
				59B7B6FF18FC08FD0012E06F /* NikolaysAssignment */,
				59B7B72318FC08FD0012E06F /* NikolaysAssignmentTests */,
			);
		};
/* End PBXProject section */

/* Begin PBXResourcesBuildPhase section */
		59B7B6FE18FC08FD0012E06F /* Resources */ = {
			isa = PBXResourcesBuildPhase;
			buildActionMask = 2147483647;
			files = (
				59B7B71A18FC08FD0012E06F /* Main_iPad.storyboard in Resources */,
				59B7B71F18FC08FD0012E06F /* Images.xcassets in Resources */,
				59B7B71718FC08FD0012E06F /* Main_iPhone.storyboard in Resources */,
				59B7B70E18FC08FD0012E06F /* InfoPlist.strings in Resources */,
				590F53A018FC1F230099E989 /* GooglePlus.bundle in Resources */,
				597057B119040DEC00994575 /* user_pic_default@2x.png in Resources */,
				597057B019040DEC00994575 /* user_pic_default.png in Resources */,
				590F539E18FC1F230099E989 /* Changelog in Resources */,
				590F53CC18FC1F230099E989 /* README in Resources */,
			);
			runOnlyForDeploymentPostprocessing = 0;
		};
		59B7B72218FC08FD0012E06F /* Resources */ = {
			isa = PBXResourcesBuildPhase;
			buildActionMask = 2147483647;
			files = (
				59B7B73018FC08FD0012E06F /* InfoPlist.strings in Resources */,
			);
			runOnlyForDeploymentPostprocessing = 0;
		};
/* End PBXResourcesBuildPhase section */

/* Begin PBXSourcesBuildPhase section */
		59B7B6FC18FC08FD0012E06F /* Sources */ = {
			isa = PBXSourcesBuildPhase;
			buildActionMask = 2147483647;
			files = (
				590F53AD18FC1F230099E989 /* GTLPlusActivityFeed.m in Sources */,
				590D065E18FC37F900A6C101 /* SA_OAuthTwitterEngine.m in Sources */,
				59B7B71D18FC08FD0012E06F /* NAViewController.m in Sources */,
				590F53B418FC1F230099E989 /* GTLPlusPeopleFeed.m in Sources */,
				590F53B818FC1F230099E989 /* GTLServicePlus.m in Sources */,
				590F53A718FC1F230099E989 /* GTLFramework.m in Sources */,
				597E631A1903E28D00328588 /* NAFeedCell.m in Sources */,
				590F53A918FC1F230099E989 /* GTLObject.m in Sources */,
				590D065B18FC37F900A6C101 /* NSString+UUID.m in Sources */,
				590D066418FC404F00A6C101 /* NADataFetcher.m in Sources */,
				590D064B18FC37F900A6C101 /* MGTwitterMessagesLibXMLParser.m in Sources */,
				590F53C818FC1F230099E989 /* GTMOAuth2SignIn.m in Sources */,
				590F53AE18FC1F230099E989 /* GTLPlusComment.m in Sources */,
				590D065718FC37F900A6C101 /* MGTwitterUsersYAJLParser.m in Sources */,
				590D066818FC458400A6C101 /* NAFacebookDataFetcher.m in Sources */,
				590D064818FC37F900A6C101 /* MGTwitterEngine.m in Sources */,
				590D064A18FC37F900A6C101 /* MGTwitterLibXMLParser.m in Sources */,
				590D067218FC474000A6C101 /* NAFeedTableViewController.m in Sources */,
				590D064E18FC37F900A6C101 /* MGTwitterMiscLibXMLParser.m in Sources */,
				590D066E18FC45C900A6C101 /* NAGooglePlusDataFetcher.m in Sources */,
				590F53B618FC1F230099E989 /* GTLPlusPlace.m in Sources */,
				590F53C318FC1F230099E989 /* GTMLogger.m in Sources */,
				590F53AC18FC1F230099E989 /* GTLPlusActivity.m in Sources */,
				590F53C718FC1F230099E989 /* GTMOAuth2Authentication.m in Sources */,
				590F53C618FC1F230099E989 /* GTMNSString+URLArguments.m in Sources */,
				590F53B118FC1F230099E989 /* GTLPlusItemScope.m in Sources */,
				590D065818FC37F900A6C101 /* MGTwitterXMLParser.m in Sources */,
				590F53BD18FC1F230099E989 /* GTLUtilities.m in Sources */,
				590F53AA18FC1F230099E989 /* GTLPlusAcl.m in Sources */,
				590F53A318FC1F230099E989 /* GTLBatchQuery.m in Sources */,
				590F53A818FC1F230099E989 /* GTLJSONParser.m in Sources */,
				590F53B918FC1F230099E989 /* GTLQuery.m in Sources */,
				590D065118FC37F900A6C101 /* MGTwitterSearchYAJLParser.m in Sources */,
				590D065618FC37F900A6C101 /* MGTwitterUsersParser.m in Sources */,
				590F53C018FC1F230099E989 /* GTMHTTPFetcherService.m in Sources */,
				590D064D18FC37F900A6C101 /* MGTwitterMessagesYAJLParser.m in Sources */,
				590F53C418FC1F230099E989 /* GTMMethodCheck.m in Sources */,
				59727E3218FE824000E989A9 /* NAFeedData.m in Sources */,
				590F53C218FC1F230099E989 /* GTMHTTPUploadFetcher.m in Sources */,
				590F53A418FC1F230099E989 /* GTLBatchResult.m in Sources */,
				590F53C918FC1F230099E989 /* GTMOAuth2ViewControllerTouch.m in Sources */,
				590F53BC18FC1F230099E989 /* GTLUploadParameters.m in Sources */,
				590F53BE18FC1F230099E989 /* GTMHTTPFetcher.m in Sources */,
				590F53A518FC1F230099E989 /* GTLDateTime.m in Sources */,
				590D064C18FC37F900A6C101 /* MGTwitterMessagesParser.m in Sources */,
				590D065918FC37F900A6C101 /* MGTwitterYAJLParser.m in Sources */,
				590D065D18FC37F900A6C101 /* SA_OAuthTwitterController.m in Sources */,
				590D065318FC37F900A6C101 /* MGTwitterStatusesParser.m in Sources */,
				590F53BB18FC1F230099E989 /* GTLService.m in Sources */,
				590F53CA18FC1F230099E989 /* GTMObjC2Runtime.m in Sources */,
				59B7B71018FC08FD0012E06F /* main.m in Sources */,
				590D065418FC37F900A6C101 /* MGTwitterStatusesYAJLParser.m in Sources */,
				590D067618FC4BDA00A6C101 /* NAFeedItem.m in Sources */,
				590D066B18FC459F00A6C101 /* NATwitterDataFetcher.m in Sources */,
				590F53C518FC1F230099E989 /* GTMNSDictionary+URLArguments.m in Sources */,
				590F53A618FC1F230099E989 /* GTLErrorObject.m in Sources */,
				590D065A18FC37F900A6C101 /* NSData+Base64.m in Sources */,
				590D064918FC37F900A6C101 /* MGTwitterHTTPURLConnection.m in Sources */,
				590F53B318FC1F230099E989 /* GTLPlusMomentsFeed.m in Sources */,
				590F53AB18FC1F230099E989 /* GTLPlusAclentryResource.m in Sources */,
				590F53B218FC1F230099E989 /* GTLPlusMoment.m in Sources */,
				590F53AF18FC1F230099E989 /* GTLPlusCommentFeed.m in Sources */,
				590D064F18FC37F900A6C101 /* MGTwitterMiscParser.m in Sources */,
				590F53B718FC1F230099E989 /* GTLQueryPlus.m in Sources */,
				590F53BA18FC1F230099E989 /* GTLRuntimeCommon.m in Sources */,
				590F53CB18FC1F230099E989 /* OpenInChromeController.m in Sources */,
				590F53B018FC1F230099E989 /* GTLPlusConstants.m in Sources */,
				590F53B518FC1F230099E989 /* GTLPlusPerson.m in Sources */,
				590F53A218FC1F230099E989 /* GTLBase64.m in Sources */,
				590D065018FC37F900A6C101 /* MGTwitterMiscYAJLParser.m in Sources */,
				590D065518FC37F900A6C101 /* MGTwitterUsersLibXMLParser.m in Sources */,
				590F53C118FC1F230099E989 /* GTMHTTPFetchHistory.m in Sources */,
				590F53BF18FC1F230099E989 /* GTMHTTPFetcherLogging.m in Sources */,
				590D065218FC37F900A6C101 /* MGTwitterStatusesLibXMLParser.m in Sources */,
				59B7B71418FC08FD0012E06F /* NAAppDelegate.m in Sources */,
			);
			runOnlyForDeploymentPostprocessing = 0;
		};
		59B7B72018FC08FD0012E06F /* Sources */ = {
			isa = PBXSourcesBuildPhase;
			buildActionMask = 2147483647;
			files = (
				59B7B73218FC08FD0012E06F /* NikolaysAssignmentTests.m in Sources */,
			);
			runOnlyForDeploymentPostprocessing = 0;
		};
/* End PBXSourcesBuildPhase section */

/* Begin PBXTargetDependency section */
		59B7B72A18FC08FD0012E06F /* PBXTargetDependency */ = {
			isa = PBXTargetDependency;
			target = 59B7B6FF18FC08FD0012E06F /* NikolaysAssignment */;
			targetProxy = 59B7B72918FC08FD0012E06F /* PBXContainerItemProxy */;
		};
/* End PBXTargetDependency section */

/* Begin PBXVariantGroup section */
		59B7B70C18FC08FD0012E06F /* InfoPlist.strings */ = {
			isa = PBXVariantGroup;
			children = (
				59B7B70D18FC08FD0012E06F /* en */,
			);
			name = InfoPlist.strings;
			sourceTree = "<group>";
		};
		59B7B71518FC08FD0012E06F /* Main_iPhone.storyboard */ = {
			isa = PBXVariantGroup;
			children = (
				59B7B71618FC08FD0012E06F /* Base */,
			);
			name = Main_iPhone.storyboard;
			sourceTree = "<group>";
		};
		59B7B71818FC08FD0012E06F /* Main_iPad.storyboard */ = {
			isa = PBXVariantGroup;
			children = (
				59B7B71918FC08FD0012E06F /* Base */,
			);
			name = Main_iPad.storyboard;
			sourceTree = "<group>";
		};
		59B7B72E18FC08FD0012E06F /* InfoPlist.strings */ = {
			isa = PBXVariantGroup;
			children = (
				59B7B72F18FC08FD0012E06F /* en */,
			);
			name = InfoPlist.strings;
			sourceTree = "<group>";
		};
/* End PBXVariantGroup section */

/* Begin XCBuildConfiguration section */
		59B7B73318FC08FD0012E06F /* Debug */ = {
			isa = XCBuildConfiguration;
			buildSettings = {
				ALWAYS_SEARCH_USER_PATHS = NO;
				CLANG_CXX_LANGUAGE_STANDARD = "gnu++0x";
				CLANG_CXX_LIBRARY = "libc++";
				CLANG_ENABLE_MODULES = YES;
				CLANG_ENABLE_OBJC_ARC = YES;
				CLANG_WARN_BOOL_CONVERSION = YES;
				CLANG_WARN_CONSTANT_CONVERSION = YES;
				CLANG_WARN_DIRECT_OBJC_ISA_USAGE = YES_ERROR;
				CLANG_WARN_EMPTY_BODY = YES;
				CLANG_WARN_ENUM_CONVERSION = YES;
				CLANG_WARN_INT_CONVERSION = YES;
				CLANG_WARN_OBJC_ROOT_CLASS = YES_ERROR;
				CLANG_WARN__DUPLICATE_METHOD_MATCH = YES;
				"CODE_SIGN_IDENTITY[sdk=iphoneos*]" = "iPhone Developer";
				COPY_PHASE_STRIP = NO;
				GCC_C_LANGUAGE_STANDARD = gnu99;
				GCC_DYNAMIC_NO_PIC = NO;
				GCC_OPTIMIZATION_LEVEL = 0;
				GCC_PREPROCESSOR_DEFINITIONS = (
					"DEBUG=1",
					"$(inherited)",
				);
				GCC_SYMBOLS_PRIVATE_EXTERN = NO;
				GCC_WARN_64_TO_32_BIT_CONVERSION = YES;
				GCC_WARN_ABOUT_RETURN_TYPE = YES_ERROR;
				GCC_WARN_UNDECLARED_SELECTOR = YES;
				GCC_WARN_UNINITIALIZED_AUTOS = YES_AGGRESSIVE;
				GCC_WARN_UNUSED_FUNCTION = YES;
				GCC_WARN_UNUSED_VARIABLE = YES;
				IPHONEOS_DEPLOYMENT_TARGET = 7.1;
				ONLY_ACTIVE_ARCH = YES;
				SDKROOT = iphoneos;
				TARGETED_DEVICE_FAMILY = "1,2";
			};
			name = Debug;
		};
		59B7B73418FC08FD0012E06F /* Release */ = {
			isa = XCBuildConfiguration;
			buildSettings = {
				ALWAYS_SEARCH_USER_PATHS = NO;
				CLANG_CXX_LANGUAGE_STANDARD = "gnu++0x";
				CLANG_CXX_LIBRARY = "libc++";
				CLANG_ENABLE_MODULES = YES;
				CLANG_ENABLE_OBJC_ARC = YES;
				CLANG_WARN_BOOL_CONVERSION = YES;
				CLANG_WARN_CONSTANT_CONVERSION = YES;
				CLANG_WARN_DIRECT_OBJC_ISA_USAGE = YES_ERROR;
				CLANG_WARN_EMPTY_BODY = YES;
				CLANG_WARN_ENUM_CONVERSION = YES;
				CLANG_WARN_INT_CONVERSION = YES;
				CLANG_WARN_OBJC_ROOT_CLASS = YES_ERROR;
				CLANG_WARN__DUPLICATE_METHOD_MATCH = YES;
				"CODE_SIGN_IDENTITY[sdk=iphoneos*]" = "iPhone Developer";
				COPY_PHASE_STRIP = YES;
				ENABLE_NS_ASSERTIONS = NO;
				GCC_C_LANGUAGE_STANDARD = gnu99;
				GCC_WARN_64_TO_32_BIT_CONVERSION = YES;
				GCC_WARN_ABOUT_RETURN_TYPE = YES_ERROR;
				GCC_WARN_UNDECLARED_SELECTOR = YES;
				GCC_WARN_UNINITIALIZED_AUTOS = YES_AGGRESSIVE;
				GCC_WARN_UNUSED_FUNCTION = YES;
				GCC_WARN_UNUSED_VARIABLE = YES;
				IPHONEOS_DEPLOYMENT_TARGET = 7.1;
				SDKROOT = iphoneos;
				TARGETED_DEVICE_FAMILY = "1,2";
				VALIDATE_PRODUCT = YES;
			};
			name = Release;
		};
		59B7B73618FC08FD0012E06F /* Debug */ = {
			isa = XCBuildConfiguration;
			buildSettings = {
				ASSETCATALOG_COMPILER_APPICON_NAME = AppIcon;
				ASSETCATALOG_COMPILER_LAUNCHIMAGE_NAME = LaunchImage;
				FRAMEWORK_SEARCH_PATHS = (
					"$(inherited)",
					"$(PROJECT_DIR)/NikolaysAssignment/ThirdParty",
					"$(PROJECT_DIR)/NikolaysAssignment/ThirdParty/google-plus-ios-sdk-1.5.1",
				);
				GCC_PRECOMPILE_PREFIX_HEADER = YES;
				GCC_PREFIX_HEADER = "NikolaysAssignment/NikolaysAssignment-Prefix.pch";
				HEADER_SEARCH_PATHS = (
					"$(inherited)",
					/Applications/Xcode.app/Contents/Developer/Toolchains/XcodeDefault.xctoolchain/usr/include,
					/usr/include/libxml2,
				);
				INFOPLIST_FILE = "NikolaysAssignment/NikolaysAssignment-Info.plist";
				LIBRARY_SEARCH_PATHS = (
					"$(inherited)",
					"$(PROJECT_DIR)/NikolaysAssignment/ThirdParty/Twitter+OAuth",
					"$(PROJECT_DIR)/NikolaysAssignment/ThirdParty/google-plus-ios-sdk-1.5.1/Twitter+OAuth",
					"$(PROJECT_DIR)/NikolaysAssignment/ThirdParty/Twitter/Twitter+OAuth",
					"$(PROJECT_DIR)/NikolaysAssignment/ThirdParty/Twitter/yajl",
				);
				PRODUCT_NAME = "$(TARGET_NAME)";
				WRAPPER_EXTENSION = app;
			};
			name = Debug;
		};
		59B7B73718FC08FD0012E06F /* Release */ = {
			isa = XCBuildConfiguration;
			buildSettings = {
				ASSETCATALOG_COMPILER_APPICON_NAME = AppIcon;
				ASSETCATALOG_COMPILER_LAUNCHIMAGE_NAME = LaunchImage;
				FRAMEWORK_SEARCH_PATHS = (
					"$(inherited)",
					"$(PROJECT_DIR)/NikolaysAssignment/ThirdParty",
					"$(PROJECT_DIR)/NikolaysAssignment/ThirdParty/google-plus-ios-sdk-1.5.1",
				);
				GCC_PRECOMPILE_PREFIX_HEADER = YES;
				GCC_PREFIX_HEADER = "NikolaysAssignment/NikolaysAssignment-Prefix.pch";
				HEADER_SEARCH_PATHS = (
					"$(inherited)",
					/Applications/Xcode.app/Contents/Developer/Toolchains/XcodeDefault.xctoolchain/usr/include,
					/usr/include/libxml2,
				);
				INFOPLIST_FILE = "NikolaysAssignment/NikolaysAssignment-Info.plist";
				LIBRARY_SEARCH_PATHS = (
					"$(inherited)",
					"$(PROJECT_DIR)/NikolaysAssignment/ThirdParty/Twitter+OAuth",
					"$(PROJECT_DIR)/NikolaysAssignment/ThirdParty/google-plus-ios-sdk-1.5.1/Twitter+OAuth",
					"$(PROJECT_DIR)/NikolaysAssignment/ThirdParty/Twitter/Twitter+OAuth",
					"$(PROJECT_DIR)/NikolaysAssignment/ThirdParty/Twitter/yajl",
				);
				PRODUCT_NAME = "$(TARGET_NAME)";
				WRAPPER_EXTENSION = app;
			};
			name = Release;
		};
		59B7B73918FC08FD0012E06F /* Debug */ = {
			isa = XCBuildConfiguration;
			buildSettings = {
				BUNDLE_LOADER = "$(BUILT_PRODUCTS_DIR)/NikolaysAssignment.app/NikolaysAssignment";
				FRAMEWORK_SEARCH_PATHS = (
					"$(SDKROOT)/Developer/Library/Frameworks",
					"$(inherited)",
					"$(DEVELOPER_FRAMEWORKS_DIR)",
				);
				GCC_PRECOMPILE_PREFIX_HEADER = YES;
				GCC_PREFIX_HEADER = "NikolaysAssignment/NikolaysAssignment-Prefix.pch";
				GCC_PREPROCESSOR_DEFINITIONS = (
					"DEBUG=1",
					"$(inherited)",
				);
				INFOPLIST_FILE = "NikolaysAssignmentTests/NikolaysAssignmentTests-Info.plist";
				PRODUCT_NAME = "$(TARGET_NAME)";
				TEST_HOST = "$(BUNDLE_LOADER)";
				WRAPPER_EXTENSION = xctest;
			};
			name = Debug;
		};
		59B7B73A18FC08FD0012E06F /* Release */ = {
			isa = XCBuildConfiguration;
			buildSettings = {
				BUNDLE_LOADER = "$(BUILT_PRODUCTS_DIR)/NikolaysAssignment.app/NikolaysAssignment";
				FRAMEWORK_SEARCH_PATHS = (
					"$(SDKROOT)/Developer/Library/Frameworks",
					"$(inherited)",
					"$(DEVELOPER_FRAMEWORKS_DIR)",
				);
				GCC_PRECOMPILE_PREFIX_HEADER = YES;
				GCC_PREFIX_HEADER = "NikolaysAssignment/NikolaysAssignment-Prefix.pch";
				INFOPLIST_FILE = "NikolaysAssignmentTests/NikolaysAssignmentTests-Info.plist";
				PRODUCT_NAME = "$(TARGET_NAME)";
				TEST_HOST = "$(BUNDLE_LOADER)";
				WRAPPER_EXTENSION = xctest;
			};
			name = Release;
		};
/* End XCBuildConfiguration section */

/* Begin XCConfigurationList section */
		59B7B6FB18FC08FD0012E06F /* Build configuration list for PBXProject "NikolaysAssignment" */ = {
			isa = XCConfigurationList;
			buildConfigurations = (
				59B7B73318FC08FD0012E06F /* Debug */,
				59B7B73418FC08FD0012E06F /* Release */,
			);
			defaultConfigurationIsVisible = 0;
			defaultConfigurationName = Release;
		};
		59B7B73518FC08FD0012E06F /* Build configuration list for PBXNativeTarget "NikolaysAssignment" */ = {
			isa = XCConfigurationList;
			buildConfigurations = (
				59B7B73618FC08FD0012E06F /* Debug */,
				59B7B73718FC08FD0012E06F /* Release */,
			);
			defaultConfigurationIsVisible = 0;
			defaultConfigurationName = Release;
		};
		59B7B73818FC08FD0012E06F /* Build configuration list for PBXNativeTarget "NikolaysAssignmentTests" */ = {
			isa = XCConfigurationList;
			buildConfigurations = (
				59B7B73918FC08FD0012E06F /* Debug */,
				59B7B73A18FC08FD0012E06F /* Release */,
			);
			defaultConfigurationIsVisible = 0;
			defaultConfigurationName = Release;
		};
/* End XCConfigurationList section */
	};
	rootObject = 59B7B6F818FC08FD0012E06F /* Project object */;
}
